// !$*UTF8*$!
{
	archiveVersion = 1;
	classes = {
	};
	objectVersion = 48;
	objects = {

/* Begin PBXBuildFile section */
		677B8626207E3100003EC75D /* AppDelegate.m in Sources */ = {isa = PBXBuildFile; fileRef = 677B8625207E3100003EC75D /* AppDelegate.m */; };
		677B8629207E3100003EC75D /* ViewController.m in Sources */ = {isa = PBXBuildFile; fileRef = 677B8628207E3100003EC75D /* ViewController.m */; };
		677B862C207E3100003EC75D /* Main.storyboard in Resources */ = {isa = PBXBuildFile; fileRef = 677B862A207E3100003EC75D /* Main.storyboard */; };
		677B8631207E3100003EC75D /* LaunchScreen.storyboard in Resources */ = {isa = PBXBuildFile; fileRef = 677B862F207E3100003EC75D /* LaunchScreen.storyboard */; };
		677B8634207E3100003EC75D /* main.m in Sources */ = {isa = PBXBuildFile; fileRef = 677B8633207E3100003EC75D /* main.m */; };
		677B863E207E3100003EC75D /* NNNavigationBarTests.m in Sources */ = {isa = PBXBuildFile; fileRef = 677B863D207E3100003EC75D /* NNNavigationBarTests.m */; };
		677B8649207E3100003EC75D /* NNNavigationBarUITests.m in Sources */ = {isa = PBXBuildFile; fileRef = 677B8648207E3100003EC75D /* NNNavigationBarUITests.m */; };
		677B8659207E3179003EC75D /* UINavigationBar+NNBackgroundView.m in Sources */ = {isa = PBXBuildFile; fileRef = 677B8658207E3179003EC75D /* UINavigationBar+NNBackgroundView.m */; };
		677B865C207E3192003EC75D /* UINavigationItem+NNBackgroundItem.m in Sources */ = {isa = PBXBuildFile; fileRef = 677B865B207E3192003EC75D /* UINavigationItem+NNBackgroundItem.m */; };
		677B865F207E3539003EC75D /* UIImage+NNImageWithColor.m in Sources */ = {isa = PBXBuildFile; fileRef = 677B865E207E3539003EC75D /* UIImage+NNImageWithColor.m */; };
		677B86A7207E4E10003EC75D /* Assets.xcassets in Resources */ = {isa = PBXBuildFile; fileRef = 677B86A6207E4E10003EC75D /* Assets.xcassets */; };
/* End PBXBuildFile section */

/* Begin PBXContainerItemProxy section */
		677B863A207E3100003EC75D /* PBXContainerItemProxy */ = {
			isa = PBXContainerItemProxy;
			containerPortal = 677B8619207E3100003EC75D /* Project object */;
			proxyType = 1;
			remoteGlobalIDString = 677B8620207E3100003EC75D;
			remoteInfo = NNNavigationBar;
		};
		677B8645207E3100003EC75D /* PBXContainerItemProxy */ = {
			isa = PBXContainerItemProxy;
			containerPortal = 677B8619207E3100003EC75D /* Project object */;
			proxyType = 1;
			remoteGlobalIDString = 677B8620207E3100003EC75D;
			remoteInfo = NNNavigationBar;
		};
/* End PBXContainerItemProxy section */

/* Begin PBXFileReference section */
		677B8621207E3100003EC75D /* NNNavigationBar.app */ = {isa = PBXFileReference; explicitFileType = wrapper.application; includeInIndex = 0; path = NNNavigationBar.app; sourceTree = BUILT_PRODUCTS_DIR; };
		677B8624207E3100003EC75D /* AppDelegate.h */ = {isa = PBXFileReference; lastKnownFileType = sourcecode.c.h; path = AppDelegate.h; sourceTree = "<group>"; };
		677B8625207E3100003EC75D /* AppDelegate.m */ = {isa = PBXFileReference; lastKnownFileType = sourcecode.c.objc; path = AppDelegate.m; sourceTree = "<group>"; };
		677B8627207E3100003EC75D /* ViewController.h */ = {isa = PBXFileReference; lastKnownFileType = sourcecode.c.h; path = ViewController.h; sourceTree = "<group>"; };
		677B8628207E3100003EC75D /* ViewController.m */ = {isa = PBXFileReference; lastKnownFileType = sourcecode.c.objc; path = ViewController.m; sourceTree = "<group>"; };
		677B862B207E3100003EC75D /* Base */ = {isa = PBXFileReference; lastKnownFileType = file.storyboard; name = Base; path = Base.lproj/Main.storyboard; sourceTree = "<group>"; };
		677B8630207E3100003EC75D /* Base */ = {isa = PBXFileReference; lastKnownFileType = file.storyboard; name = Base; path = Base.lproj/LaunchScreen.storyboard; sourceTree = "<group>"; };
		677B8632207E3100003EC75D /* Info.plist */ = {isa = PBXFileReference; lastKnownFileType = text.plist.xml; path = Info.plist; sourceTree = "<group>"; };
		677B8633207E3100003EC75D /* main.m */ = {isa = PBXFileReference; lastKnownFileType = sourcecode.c.objc; path = main.m; sourceTree = "<group>"; };
		677B8639207E3100003EC75D /* NNNavigationBarTests.xctest */ = {isa = PBXFileReference; explicitFileType = wrapper.cfbundle; includeInIndex = 0; path = NNNavigationBarTests.xctest; sourceTree = BUILT_PRODUCTS_DIR; };
		677B863D207E3100003EC75D /* NNNavigationBarTests.m */ = {isa = PBXFileReference; lastKnownFileType = sourcecode.c.objc; path = NNNavigationBarTests.m; sourceTree = "<group>"; };
		677B863F207E3100003EC75D /* Info.plist */ = {isa = PBXFileReference; lastKnownFileType = text.plist.xml; path = Info.plist; sourceTree = "<group>"; };
		677B8644207E3100003EC75D /* NNNavigationBarUITests.xctest */ = {isa = PBXFileReference; explicitFileType = wrapper.cfbundle; includeInIndex = 0; path = NNNavigationBarUITests.xctest; sourceTree = BUILT_PRODUCTS_DIR; };
		677B8648207E3100003EC75D /* NNNavigationBarUITests.m */ = {isa = PBXFileReference; lastKnownFileType = sourcecode.c.objc; path = NNNavigationBarUITests.m; sourceTree = "<group>"; };
		677B864A207E3100003EC75D /* Info.plist */ = {isa = PBXFileReference; lastKnownFileType = text.plist.xml; path = Info.plist; sourceTree = "<group>"; };
		677B8657207E3179003EC75D /* UINavigationBar+NNBackgroundView.h */ = {isa = PBXFileReference; lastKnownFileType = sourcecode.c.h; path = "UINavigationBar+NNBackgroundView.h"; sourceTree = "<group>"; };
		677B8658207E3179003EC75D /* UINavigationBar+NNBackgroundView.m */ = {isa = PBXFileReference; lastKnownFileType = sourcecode.c.objc; path = "UINavigationBar+NNBackgroundView.m"; sourceTree = "<group>"; };
		677B865A207E3192003EC75D /* UINavigationItem+NNBackgroundItem.h */ = {isa = PBXFileReference; lastKnownFileType = sourcecode.c.h; path = "UINavigationItem+NNBackgroundItem.h"; sourceTree = "<group>"; };
		677B865B207E3192003EC75D /* UINavigationItem+NNBackgroundItem.m */ = {isa = PBXFileReference; lastKnownFileType = sourcecode.c.objc; path = "UINavigationItem+NNBackgroundItem.m"; sourceTree = "<group>"; };
		677B865D207E3539003EC75D /* UIImage+NNImageWithColor.h */ = {isa = PBXFileReference; lastKnownFileType = sourcecode.c.h; path = "UIImage+NNImageWithColor.h"; sourceTree = "<group>"; };
		677B865E207E3539003EC75D /* UIImage+NNImageWithColor.m */ = {isa = PBXFileReference; lastKnownFileType = sourcecode.c.objc; path = "UIImage+NNImageWithColor.m"; sourceTree = "<group>"; };
		677B86A6207E4E10003EC75D /* Assets.xcassets */ = {isa = PBXFileReference; lastKnownFileType = folder.assetcatalog; path = Assets.xcassets; sourceTree = "<group>"; };
/* End PBXFileReference section */

/* Begin PBXFrameworksBuildPhase section */
		677B861E207E3100003EC75D /* Frameworks */ = {
			isa = PBXFrameworksBuildPhase;
			buildActionMask = 2147483647;
			files = (
			);
			runOnlyForDeploymentPostprocessing = 0;
		};
		677B8636207E3100003EC75D /* Frameworks */ = {
			isa = PBXFrameworksBuildPhase;
			buildActionMask = 2147483647;
			files = (
			);
			runOnlyForDeploymentPostprocessing = 0;
		};
		677B8641207E3100003EC75D /* Frameworks */ = {
			isa = PBXFrameworksBuildPhase;
			buildActionMask = 2147483647;
			files = (
			);
			runOnlyForDeploymentPostprocessing = 0;
		};
/* End PBXFrameworksBuildPhase section */

/* Begin PBXGroup section */
		677B8618207E3100003EC75D = {
			isa = PBXGroup;
			children = (
				677B8623207E3100003EC75D /* NNNavigationBar */,
				677B863C207E3100003EC75D /* NNNavigationBarTests */,
				677B8647207E3100003EC75D /* NNNavigationBarUITests */,
				677B8622207E3100003EC75D /* Products */,
			);
			sourceTree = "<group>";
		};
		677B8622207E3100003EC75D /* Products */ = {
			isa = PBXGroup;
			children = (
				677B8621207E3100003EC75D /* NNNavigationBar.app */,
				677B8639207E3100003EC75D /* NNNavigationBarTests.xctest */,
				677B8644207E3100003EC75D /* NNNavigationBarUITests.xctest */,
			);
			name = Products;
			sourceTree = "<group>";
		};
		677B8623207E3100003EC75D /* NNNavigationBar */ = {
			isa = PBXGroup;
			children = (
				677B8656207E3159003EC75D /* NNNavigationBar */,
				677B8624207E3100003EC75D /* AppDelegate.h */,
				677B8625207E3100003EC75D /* AppDelegate.m */,
				677B8627207E3100003EC75D /* ViewController.h */,
				677B8628207E3100003EC75D /* ViewController.m */,
				677B862A207E3100003EC75D /* Main.storyboard */,
				677B86A6207E4E10003EC75D /* Assets.xcassets */,
				677B862F207E3100003EC75D /* LaunchScreen.storyboard */,
				677B8632207E3100003EC75D /* Info.plist */,
				677B8633207E3100003EC75D /* main.m */,
			);
			path = NNNavigationBar;
			sourceTree = "<group>";
		};
		677B863C207E3100003EC75D /* NNNavigationBarTests */ = {
			isa = PBXGroup;
			children = (
				677B863D207E3100003EC75D /* NNNavigationBarTests.m */,
				677B863F207E3100003EC75D /* Info.plist */,
			);
			path = NNNavigationBarTests;
			sourceTree = "<group>";
		};
		677B8647207E3100003EC75D /* NNNavigationBarUITests */ = {
			isa = PBXGroup;
			children = (
				677B8648207E3100003EC75D /* NNNavigationBarUITests.m */,
				677B864A207E3100003EC75D /* Info.plist */,
			);
			path = NNNavigationBarUITests;
			sourceTree = "<group>";
		};
		677B8656207E3159003EC75D /* NNNavigationBar */ = {
			isa = PBXGroup;
			children = (
				677B8657207E3179003EC75D /* UINavigationBar+NNBackgroundView.h */,
				677B8658207E3179003EC75D /* UINavigationBar+NNBackgroundView.m */,
				677B865A207E3192003EC75D /* UINavigationItem+NNBackgroundItem.h */,
				677B865B207E3192003EC75D /* UINavigationItem+NNBackgroundItem.m */,
				677B865D207E3539003EC75D /* UIImage+NNImageWithColor.h */,
				677B865E207E3539003EC75D /* UIImage+NNImageWithColor.m */,
			);
			path = NNNavigationBar;
			sourceTree = "<group>";
		};
/* End PBXGroup section */

/* Begin PBXNativeTarget section */
		677B8620207E3100003EC75D /* NNNavigationBar */ = {
			isa = PBXNativeTarget;
			buildConfigurationList = 677B864D207E3100003EC75D /* Build configuration list for PBXNativeTarget "NNNavigationBar" */;
			buildPhases = (
				677B861D207E3100003EC75D /* Sources */,
				677B861E207E3100003EC75D /* Frameworks */,
				677B861F207E3100003EC75D /* Resources */,
			);
			buildRules = (
			);
			dependencies = (
			);
			name = NNNavigationBar;
			productName = NNNavigationBar;
			productReference = 677B8621207E3100003EC75D /* NNNavigationBar.app */;
			productType = "com.apple.product-type.application";
		};
		677B8638207E3100003EC75D /* NNNavigationBarTests */ = {
			isa = PBXNativeTarget;
			buildConfigurationList = 677B8650207E3100003EC75D /* Build configuration list for PBXNativeTarget "NNNavigationBarTests" */;
			buildPhases = (
				677B8635207E3100003EC75D /* Sources */,
				677B8636207E3100003EC75D /* Frameworks */,
				677B8637207E3100003EC75D /* Resources */,
			);
			buildRules = (
			);
			dependencies = (
				677B863B207E3100003EC75D /* PBXTargetDependency */,
			);
			name = NNNavigationBarTests;
			productName = NNNavigationBarTests;
			productReference = 677B8639207E3100003EC75D /* NNNavigationBarTests.xctest */;
			productType = "com.apple.product-type.bundle.unit-test";
		};
		677B8643207E3100003EC75D /* NNNavigationBarUITests */ = {
			isa = PBXNativeTarget;
			buildConfigurationList = 677B8653207E3100003EC75D /* Build configuration list for PBXNativeTarget "NNNavigationBarUITests" */;
			buildPhases = (
				677B8640207E3100003EC75D /* Sources */,
				677B8641207E3100003EC75D /* Frameworks */,
				677B8642207E3100003EC75D /* Resources */,
			);
			buildRules = (
			);
			dependencies = (
				677B8646207E3100003EC75D /* PBXTargetDependency */,
			);
			name = NNNavigationBarUITests;
			productName = NNNavigationBarUITests;
			productReference = 677B8644207E3100003EC75D /* NNNavigationBarUITests.xctest */;
			productType = "com.apple.product-type.bundle.ui-testing";
		};
/* End PBXNativeTarget section */

/* Begin PBXProject section */
		677B8619207E3100003EC75D /* Project object */ = {
			isa = PBXProject;
			attributes = {
				LastUpgradeCheck = 0920;
				ORGANIZATIONNAME = GuHaijun;
				TargetAttributes = {
					677B8620207E3100003EC75D = {
						CreatedOnToolsVersion = 9.2;
						ProvisioningStyle = Automatic;
					};
					677B8638207E3100003EC75D = {
						CreatedOnToolsVersion = 9.2;
						ProvisioningStyle = Automatic;
						TestTargetID = 677B8620207E3100003EC75D;
					};
					677B8643207E3100003EC75D = {
						CreatedOnToolsVersion = 9.2;
						ProvisioningStyle = Automatic;
						TestTargetID = 677B8620207E3100003EC75D;
					};
				};
			};
			buildConfigurationList = 677B861C207E3100003EC75D /* Build configuration list for PBXProject "NNNavigationBar" */;
			compatibilityVersion = "Xcode 8.0";
			developmentRegion = en;
			hasScannedForEncodings = 0;
			knownRegions = (
				en,
				Base,
			);
			mainGroup = 677B8618207E3100003EC75D;
			productRefGroup = 677B8622207E3100003EC75D /* Products */;
			projectDirPath = "";
			projectRoot = "";
			targets = (
				677B8620207E3100003EC75D /* NNNavigationBar */,
				677B8638207E3100003EC75D /* NNNavigationBarTests */,
				677B8643207E3100003EC75D /* NNNavigationBarUITests */,
			);
		};
/* End PBXProject section */

/* Begin PBXResourcesBuildPhase section */
		677B861F207E3100003EC75D /* Resources */ = {
			isa = PBXResourcesBuildPhase;
			buildActionMask = 2147483647;
			files = (
				677B8631207E3100003EC75D /* LaunchScreen.storyboard in Resources */,
				677B86A7207E4E10003EC75D /* Assets.xcassets in Resources */,
				677B862C207E3100003EC75D /* Main.storyboard in Resources */,
			);
			runOnlyForDeploymentPostprocessing = 0;
		};
		677B8637207E3100003EC75D /* Resources */ = {
			isa = PBXResourcesBuildPhase;
			buildActionMask = 2147483647;
			files = (
			);
			runOnlyForDeploymentPostprocessing = 0;
		};
		677B8642207E3100003EC75D /* Resources */ = {
			isa = PBXResourcesBuildPhase;
			buildActionMask = 2147483647;
			files = (
			);
			runOnlyForDeploymentPostprocessing = 0;
		};
/* End PBXResourcesBuildPhase section */

/* Begin PBXSourcesBuildPhase section */
		677B861D207E3100003EC75D /* Sources */ = {
			isa = PBXSourcesBuildPhase;
			buildActionMask = 2147483647;
			files = (
				677B8629207E3100003EC75D /* ViewController.m in Sources */,
				677B865C207E3192003EC75D /* UINavigationItem+NNBackgroundItem.m in Sources */,
				677B8634207E3100003EC75D /* main.m in Sources */,
				677B865F207E3539003EC75D /* UIImage+NNImageWithColor.m in Sources */,
				677B8659207E3179003EC75D /* UINavigationBar+NNBackgroundView.m in Sources */,
				677B8626207E3100003EC75D /* AppDelegate.m in Sources */,
			);
			runOnlyForDeploymentPostprocessing = 0;
		};
		677B8635207E3100003EC75D /* Sources */ = {
			isa = PBXSourcesBuildPhase;
			buildActionMask = 2147483647;
			files = (
				677B863E207E3100003EC75D /* NNNavigationBarTests.m in Sources */,
			);
			runOnlyForDeploymentPostprocessing = 0;
		};
		677B8640207E3100003EC75D /* Sources */ = {
			isa = PBXSourcesBuildPhase;
			buildActionMask = 2147483647;
			files = (
				677B8649207E3100003EC75D /* NNNavigationBarUITests.m in Sources */,
			);
			runOnlyForDeploymentPostprocessing = 0;
		};
/* End PBXSourcesBuildPhase section */

/* Begin PBXTargetDependency section */
		677B863B207E3100003EC75D /* PBXTargetDependency */ = {
			isa = PBXTargetDependency;
			target = 677B8620207E3100003EC75D /* NNNavigationBar */;
			targetProxy = 677B863A207E3100003EC75D /* PBXContainerItemProxy */;
		};
		677B8646207E3100003EC75D /* PBXTargetDependency */ = {
			isa = PBXTargetDependency;
			target = 677B8620207E3100003EC75D /* NNNavigationBar */;
			targetProxy = 677B8645207E3100003EC75D /* PBXContainerItemProxy */;
		};
/* End PBXTargetDependency section */

/* Begin PBXVariantGroup section */
		677B862A207E3100003EC75D /* Main.storyboard */ = {
			isa = PBXVariantGroup;
			children = (
				677B862B207E3100003EC75D /* Base */,
			);
			name = Main.storyboard;
			sourceTree = "<group>";
		};
		677B862F207E3100003EC75D /* LaunchScreen.storyboard */ = {
			isa = PBXVariantGroup;
			children = (
				677B8630207E3100003EC75D /* Base */,
			);
			name = LaunchScreen.storyboard;
			sourceTree = "<group>";
		};
/* End PBXVariantGroup section */

/* Begin XCBuildConfiguration section */
		677B864B207E3100003EC75D /* Debug */ = {
			isa = XCBuildConfiguration;
			buildSettings = {
				ALWAYS_SEARCH_USER_PATHS = NO;
				CLANG_ANALYZER_NONNULL = YES;
				CLANG_ANALYZER_NUMBER_OBJECT_CONVERSION = YES_AGGRESSIVE;
				CLANG_CXX_LANGUAGE_STANDARD = "gnu++14";
				CLANG_CXX_LIBRARY = "libc++";
				CLANG_ENABLE_MODULES = YES;
				CLANG_ENABLE_OBJC_ARC = YES;
				CLANG_WARN_BLOCK_CAPTURE_AUTORELEASING = YES;
				CLANG_WARN_BOOL_CONVERSION = YES;
				CLANG_WARN_COMMA = YES;
				CLANG_WARN_CONSTANT_CONVERSION = YES;
				CLANG_WARN_DIRECT_OBJC_ISA_USAGE = YES_ERROR;
				CLANG_WARN_DOCUMENTATION_COMMENTS = YES;
				CLANG_WARN_EMPTY_BODY = YES;
				CLANG_WARN_ENUM_CONVERSION = YES;
				CLANG_WARN_INFINITE_RECURSION = YES;
				CLANG_WARN_INT_CONVERSION = YES;
				CLANG_WARN_NON_LITERAL_NULL_CONVERSION = YES;
				CLANG_WARN_OBJC_LITERAL_CONVERSION = YES;
				CLANG_WARN_OBJC_ROOT_CLASS = YES_ERROR;
				CLANG_WARN_RANGE_LOOP_ANALYSIS = YES;
				CLANG_WARN_STRICT_PROTOTYPES = YES;
				CLANG_WARN_SUSPICIOUS_MOVE = YES;
				CLANG_WARN_UNGUARDED_AVAILABILITY = YES_AGGRESSIVE;
				CLANG_WARN_UNREACHABLE_CODE = YES;
				CLANG_WARN__DUPLICATE_METHOD_MATCH = YES;
				CODE_SIGN_IDENTITY = "iPhone Developer";
				COPY_PHASE_STRIP = NO;
				DEBUG_INFORMATION_FORMAT = dwarf;
				ENABLE_STRICT_OBJC_MSGSEND = YES;
				ENABLE_TESTABILITY = YES;
				GCC_C_LANGUAGE_STANDARD = gnu11;
				GCC_DYNAMIC_NO_PIC = NO;
				GCC_NO_COMMON_BLOCKS = YES;
				GCC_OPTIMIZATION_LEVEL = 0;
				GCC_PREPROCESSOR_DEFINITIONS = (
					"DEBUG=1",
					"$(inherited)",
				);
				GCC_WARN_64_TO_32_BIT_CONVERSION = YES;
				GCC_WARN_ABOUT_RETURN_TYPE = YES_ERROR;
				GCC_WARN_UNDECLARED_SELECTOR = YES;
				GCC_WARN_UNINITIALIZED_AUTOS = YES_AGGRESSIVE;
				GCC_WARN_UNUSED_FUNCTION = YES;
				GCC_WARN_UNUSED_VARIABLE = YES;
				IPHONEOS_DEPLOYMENT_TARGET = 11.2;
				MTL_ENABLE_DEBUG_INFO = YES;
				ONLY_ACTIVE_ARCH = YES;
				SDKROOT = iphoneos;
			};
			name = Debug;
		};
		677B864C207E3100003EC75D /* Release */ = {
			isa = XCBuildConfiguration;
			buildSettings = {
				ALWAYS_SEARCH_USER_PATHS = NO;
				CLANG_ANALYZER_NONNULL = YES;
				CLANG_ANALYZER_NUMBER_OBJECT_CONVERSION = YES_AGGRESSIVE;
				CLANG_CXX_LANGUAGE_STANDARD = "gnu++14";
				CLANG_CXX_LIBRARY = "libc++";
				CLANG_ENABLE_MODULES = YES;
				CLANG_ENABLE_OBJC_ARC = YES;
				CLANG_WARN_BLOCK_CAPTURE_AUTORELEASING = YES;
				CLANG_WARN_BOOL_CONVERSION = YES;
				CLANG_WARN_COMMA = YES;
				CLANG_WARN_CONSTANT_CONVERSION = YES;
				CLANG_WARN_DIRECT_OBJC_ISA_USAGE = YES_ERROR;
				CLANG_WARN_DOCUMENTATION_COMMENTS = YES;
				CLANG_WARN_EMPTY_BODY = YES;
				CLANG_WARN_ENUM_CONVERSION = YES;
				CLANG_WARN_INFINITE_RECURSION = YES;
				CLANG_WARN_INT_CONVERSION = YES;
				CLANG_WARN_NON_LITERAL_NULL_CONVERSION = YES;
				CLANG_WARN_OBJC_LITERAL_CONVERSION = YES;
				CLANG_WARN_OBJC_ROOT_CLASS = YES_ERROR;
				CLANG_WARN_RANGE_LOOP_ANALYSIS = YES;
				CLANG_WARN_STRICT_PROTOTYPES = YES;
				CLANG_WARN_SUSPICIOUS_MOVE = YES;
				CLANG_WARN_UNGUARDED_AVAILABILITY = YES_AGGRESSIVE;
				CLANG_WARN_UNREACHABLE_CODE = YES;
				CLANG_WARN__DUPLICATE_METHOD_MATCH = YES;
				CODE_SIGN_IDENTITY = "iPhone Developer";
				COPY_PHASE_STRIP = NO;
				DEBUG_INFORMATION_FORMAT = "dwarf-with-dsym";
				ENABLE_NS_ASSERTIONS = NO;
				ENABLE_STRICT_OBJC_MSGSEND = YES;
				GCC_C_LANGUAGE_STANDARD = gnu11;
				GCC_NO_COMMON_BLOCKS = YES;
				GCC_WARN_64_TO_32_BIT_CONVERSION = YES;
				GCC_WARN_ABOUT_RETURN_TYPE = YES_ERROR;
				GCC_WARN_UNDECLARED_SELECTOR = YES;
				GCC_WARN_UNINITIALIZED_AUTOS = YES_AGGRESSIVE;
				GCC_WARN_UNUSED_FUNCTION = YES;
				GCC_WARN_UNUSED_VARIABLE = YES;
				IPHONEOS_DEPLOYMENT_TARGET = 11.2;
				MTL_ENABLE_DEBUG_INFO = NO;
				SDKROOT = iphoneos;
				VALIDATE_PRODUCT = YES;
			};
			name = Release;
		};
		677B864E207E3100003EC75D /* Debug */ = {
			isa = XCBuildConfiguration;
			buildSettings = {
				ASSETCATALOG_COMPILER_APPICON_NAME = AppIcon;
				CODE_SIGN_STYLE = Automatic;
				INFOPLIST_FILE = NNNavigationBar/Info.plist;
				LD_RUNPATH_SEARCH_PATHS = "$(inherited) @executable_path/Frameworks";
				PRODUCT_BUNDLE_IDENTIFIER = com.nn.NNNavigationBar;
				PRODUCT_NAME = "$(TARGET_NAME)";
				TARGETED_DEVICE_FAMILY = "1,2";
			};
			name = Debug;
		};
		677B864F207E3100003EC75D /* Release */ = {
			isa = XCBuildConfiguration;
			buildSettings = {
				ASSETCATALOG_COMPILER_APPICON_NAME = AppIcon;
				CODE_SIGN_STYLE = Automatic;
				INFOPLIST_FILE = NNNavigationBar/Info.plist;
				LD_RUNPATH_SEARCH_PATHS = "$(inherited) @executable_path/Frameworks";
				PRODUCT_BUNDLE_IDENTIFIER = com.nn.NNNavigationBar;
				PRODUCT_NAME = "$(TARGET_NAME)";
				TARGETED_DEVICE_FAMILY = "1,2";
			};
			name = Release;
		};
		677B8651207E3100003EC75D /* Debug */ = {
			isa = XCBuildConfiguration;
			buildSettings = {
				BUNDLE_LOADER = "$(TEST_HOST)";
				CODE_SIGN_STYLE = Automatic;
				INFOPLIST_FILE = NNNavigationBarTests/Info.plist;
				LD_RUNPATH_SEARCH_PATHS = "$(inherited) @executable_path/Frameworks @loader_path/Frameworks";
				PRODUCT_BUNDLE_IDENTIFIER = com.nn.NNNavigationBarTests;
				PRODUCT_NAME = "$(TARGET_NAME)";
				TARGETED_DEVICE_FAMILY = "1,2";
				TEST_HOST = "$(BUILT_PRODUCTS_DIR)/NNNavigationBar.app/NNNavigationBar";
			};
			name = Debug;
		};
		677B8652207E3100003EC75D /* Release */ = {
			isa = XCBuildConfiguration;
			buildSettings = {
				BUNDLE_LOADER = "$(TEST_HOST)";
				CODE_SIGN_STYLE = Automatic;
				INFOPLIST_FILE = NNNavigationBarTests/Info.plist;
				LD_RUNPATH_SEARCH_PATHS = "$(inherited) @executable_path/Frameworks @loader_path/Frameworks";
				PRODUCT_BUNDLE_IDENTIFIER = com.nn.NNNavigationBarTests;
				PRODUCT_NAME = "$(TARGET_NAME)";
				TARGETED_DEVICE_FAMILY = "1,2";
				TEST_HOST = "$(BUILT_PRODUCTS_DIR)/NNNavigationBar.app/NNNavigationBar";
			};
			name = Release;
		};
		677B8654207E3100003EC75D /* Debug */ = {
			isa = XCBuildConfiguration;
			buildSettings = {
				CODE_SIGN_STYLE = Automatic;
				INFOPLIST_FILE = NNNavigationBarUITests/Info.plist;
				LD_RUNPATH_SEARCH_PATHS = "$(inherited) @executable_path/Frameworks @loader_path/Frameworks";
				PRODUCT_BUNDLE_IDENTIFIER = com.nn.NNNavigationBarUITests;
				PRODUCT_NAME = "$(TARGET_NAME)";
				TARGETED_DEVICE_FAMILY = "1,2";
				TEST_TARGET_NAME = NNNavigationBar;
			};
			name = Debug;
		};
		677B8655207E3100003EC75D /* Release */ = {
			isa = XCBuildConfiguration;
			buildSettings = {
				CODE_SIGN_STYLE = Automatic;
				INFOPLIST_FILE = NNNavigationBarUITests/Info.plist;
				LD_RUNPATH_SEARCH_PATHS = "$(inherited) @executable_path/Frameworks @loader_path/Frameworks";
				PRODUCT_BUNDLE_IDENTIFIER = com.nn.NNNavigationBarUITests;
				PRODUCT_NAME = "$(TARGET_NAME)";
				TARGETED_DEVICE_FAMILY = "1,2";
				TEST_TARGET_NAME = NNNavigationBar;
			};
			name = Release;
		};
/* End XCBuildConfiguration section */

/* Begin XCConfigurationList section */
		677B861C207E3100003EC75D /* Build configuration list for PBXProject "NNNavigationBar" */ = {
			isa = XCConfigurationList;
			buildConfigurations = (
				677B864B207E3100003EC75D /* Debug */,
				677B864C207E3100003EC75D /* Release */,
			);
			defaultConfigurationIsVisible = 0;
			defaultConfigurationName = Release;
		};
		677B864D207E3100003EC75D /* Build configuration list for PBXNativeTarget "NNNavigationBar" */ = {
			isa = XCConfigurationList;
			buildConfigurations = (
				677B864E207E3100003EC75D /* Debug */,
				677B864F207E3100003EC75D /* Release */,
			);
			defaultConfigurationIsVisible = 0;
			defaultConfigurationName = Release;
		};
		677B8650207E3100003EC75D /* Build configuration list for PBXNativeTarget "NNNavigationBarTests" */ = {
			isa = XCConfigurationList;
			buildConfigurations = (
				677B8651207E3100003EC75D /* Debug */,
				677B8652207E3100003EC75D /* Release */,
			);
			defaultConfigurationIsVisible = 0;
			defaultConfigurationName = Release;
		};
		677B8653207E3100003EC75D /* Build configuration list for PBXNativeTarget "NNNavigationBarUITests" */ = {
			isa = XCConfigurationList;
			buildConfigurations = (
				677B8654207E3100003EC75D /* Debug */,
				677B8655207E3100003EC75D /* Release */,
			);
			defaultConfigurationIsVisible = 0;
			defaultConfigurationName = Release;
		};
/* End XCConfigurationList section */
	};
	rootObject = 677B8619207E3100003EC75D /* Project object */;
}
