PODS:
  - NNNavigationBar (2.0.0):
    - NNNavigationBar/Background (= 2.0.0)
    - NNNavigationBar/Core (= 2.0.0)
    - NNNavigationBar/TintColor (= 2.0.0)
    - NNNavigationBar/Utils (= 2.0.0)
  - NNNavigationBar/Background (2.0.0):
    - NNNavigationBar/Core
    - NNNavigationBar/Utils
  - NNNavigationBar/Core (2.0.0)
  - NNNavigationBar/TintColor (2.0.0):
    - NNNavigationBar/Core
    - NNNavigationBar/Utils
  - NNNavigationBar/Utils (2.0.0)

DEPENDENCIES:
  - NNNavigationBar (from `NNNavigationBar.podspec`)

EXTERNAL SOURCES:
  NNNavigationBar:
    :path: NNNavigationBar.podspec

SPEC CHECKSUMS:
  NNNavigationBar: dd5d8faf64e149f7f97447cbe3c7e8beb401b8d3

PODFILE CHECKSUM: 2de15f86541774bfb0e447d028ca42278a4021ab

COCOAPODS: 1.8.4
