// !$*UTF8*$!
{
	archiveVersion = 1;
	classes = {
	};
	objectVersion = 50;
	objects = {

/* Begin PBXBuildFile section */
		67E456A920A0073A00E58475 /* NNNavigationBar.framework in Frameworks */ = {isa = PBXBuildFile; fileRef = 67E4569F20A0073A00E58475 /* NNNavigationBar.framework */; };
		67E456AE20A0073A00E58475 /* NNNavigationBarTests.m in Sources */ = {isa = PBXBuildFile; fileRef = 67E456AD20A0073A00E58475 /* NNNavigationBarTests.m */; };
		67E4571620A007C200E58475 /* UIImage+NNImageWithColor.h in Headers */ = {isa = PBXBuildFile; fileRef = 67E456E120A007C200E58475 /* UIImage+NNImageWithColor.h */; };
		67E4571720A007C200E58475 /* NSLayoutConstraint+NNVisualFormat.h in Headers */ = {isa = PBXBuildFile; fileRef = 67E456E220A007C200E58475 /* NSLayoutConstraint+NNVisualFormat.h */; };
		67E4571820A007C200E58475 /* NSLayoutConstraint+NNVisualFormat.m in Sources */ = {isa = PBXBuildFile; fileRef = 67E456E320A007C200E58475 /* NSLayoutConstraint+NNVisualFormat.m */; };
		67E4571920A007C200E58475 /* UIImage+NNImageWithColor.m in Sources */ = {isa = PBXBuildFile; fileRef = 67E456E420A007C200E58475 /* UIImage+NNImageWithColor.m */; };
		67E4571A20A007C200E58475 /* NNNavigationBar.h in Headers */ = {isa = PBXBuildFile; fileRef = 67E456E520A007C200E58475 /* NNNavigationBar.h */; settings = {ATTRIBUTES = (Public, ); }; };
		7A1ECA762403D4B100AAFAD5 /* NNTintColorTransition.m in Sources */ = {isa = PBXBuildFile; fileRef = 7A1ECA6A2403D4B100AAFAD5 /* NNTintColorTransition.m */; };
		7A1ECA772403D4B100AAFAD5 /* NNTintColorTransition.h in Headers */ = {isa = PBXBuildFile; fileRef = 7A1ECA6B2403D4B100AAFAD5 /* NNTintColorTransition.h */; };
		7A1ECA782403D4B100AAFAD5 /* UINavigationBar+NNTintColorDelegateImp.h in Headers */ = {isa = PBXBuildFile; fileRef = 7A1ECA6D2403D4B100AAFAD5 /* UINavigationBar+NNTintColorDelegateImp.h */; };
		7A1ECA792403D4B100AAFAD5 /* NNTintColorDelegate.h in Headers */ = {isa = PBXBuildFile; fileRef = 7A1ECA6E2403D4B100AAFAD5 /* NNTintColorDelegate.h */; };
		7A1ECA7A2403D4B100AAFAD5 /* UINavigationBar+NNTintColorDelegateImp.m in Sources */ = {isa = PBXBuildFile; fileRef = 7A1ECA6F2403D4B100AAFAD5 /* UINavigationBar+NNTintColorDelegateImp.m */; };
		7A1ECA7B2403D4B100AAFAD5 /* UINavigationBar+NNTintColor.m in Sources */ = {isa = PBXBuildFile; fileRef = 7A1ECA712403D4B100AAFAD5 /* UINavigationBar+NNTintColor.m */; };
		7A1ECA7C2403D4B100AAFAD5 /* NNNavigationBarTintColor.h in Headers */ = {isa = PBXBuildFile; fileRef = 7A1ECA722403D4B100AAFAD5 /* NNNavigationBarTintColor.h */; settings = {ATTRIBUTES = (Public, ); }; };
		7A1ECA7D2403D4B100AAFAD5 /* UINavigationItem+NNTintColor.m in Sources */ = {isa = PBXBuildFile; fileRef = 7A1ECA732403D4B100AAFAD5 /* UINavigationItem+NNTintColor.m */; };
		7A1ECA7E2403D4B100AAFAD5 /* UINavigationBar+NNTintColor.h in Headers */ = {isa = PBXBuildFile; fileRef = 7A1ECA742403D4B100AAFAD5 /* UINavigationBar+NNTintColor.h */; settings = {ATTRIBUTES = (Public, ); }; };
		7A1ECA7F2403D4B100AAFAD5 /* UINavigationItem+NNTintColor.h in Headers */ = {isa = PBXBuildFile; fileRef = 7A1ECA752403D4B100AAFAD5 /* UINavigationItem+NNTintColor.h */; settings = {ATTRIBUTES = (Public, ); }; };
		7A1ECA972403D4E200AAFAD5 /* NNBackgroundAlphaTransition.m in Sources */ = {isa = PBXBuildFile; fileRef = 7A1ECA822403D4E200AAFAD5 /* NNBackgroundAlphaTransition.m */; };
		7A1ECA982403D4E200AAFAD5 /* NNBackgroundImageTransition.m in Sources */ = {isa = PBXBuildFile; fileRef = 7A1ECA832403D4E200AAFAD5 /* NNBackgroundImageTransition.m */; };
		7A1ECA992403D4E200AAFAD5 /* NNBackgroundImageTransition.h in Headers */ = {isa = PBXBuildFile; fileRef = 7A1ECA842403D4E200AAFAD5 /* NNBackgroundImageTransition.h */; };
		7A1ECA9A2403D4E200AAFAD5 /* NNBackgroundAlphaTransition.h in Headers */ = {isa = PBXBuildFile; fileRef = 7A1ECA852403D4E200AAFAD5 /* NNBackgroundAlphaTransition.h */; };
		7A1ECA9B2403D4E200AAFAD5 /* NNNavigationBarBackgroundImage.h in Headers */ = {isa = PBXBuildFile; fileRef = 7A1ECA872403D4E200AAFAD5 /* NNNavigationBarBackgroundImage.h */; };
		7A1ECA9C2403D4E200AAFAD5 /* UINavigationBar+NNBackgroundImageView.m in Sources */ = {isa = PBXBuildFile; fileRef = 7A1ECA882403D4E200AAFAD5 /* UINavigationBar+NNBackgroundImageView.m */; };
		7A1ECA9D2403D4E200AAFAD5 /* NNFadeAnimationImageView.m in Sources */ = {isa = PBXBuildFile; fileRef = 7A1ECA892403D4E200AAFAD5 /* NNFadeAnimationImageView.m */; };
		7A1ECA9E2403D4E200AAFAD5 /* NNNavigationBarBackgroundImage.m in Sources */ = {isa = PBXBuildFile; fileRef = 7A1ECA8A2403D4E200AAFAD5 /* NNNavigationBarBackgroundImage.m */; };
		7A1ECA9F2403D4E200AAFAD5 /* UINavigationBar+NNBackgroundImageView.h in Headers */ = {isa = PBXBuildFile; fileRef = 7A1ECA8B2403D4E200AAFAD5 /* UINavigationBar+NNBackgroundImageView.h */; };
		7A1ECAA02403D4E200AAFAD5 /* NNFadeAnimationImageView.h in Headers */ = {isa = PBXBuildFile; fileRef = 7A1ECA8C2403D4E200AAFAD5 /* NNFadeAnimationImageView.h */; };
		7A1ECAA12403D4E200AAFAD5 /* UINavigationBar+NNBackgroundDelegateImp.m in Sources */ = {isa = PBXBuildFile; fileRef = 7A1ECA8E2403D4E200AAFAD5 /* UINavigationBar+NNBackgroundDelegateImp.m */; };
		7A1ECAA22403D4E200AAFAD5 /* UINavigationBar+NNBackgroundDelegateImp.h in Headers */ = {isa = PBXBuildFile; fileRef = 7A1ECA8F2403D4E200AAFAD5 /* UINavigationBar+NNBackgroundDelegateImp.h */; };
		7A1ECAA32403D4E200AAFAD5 /* NNBackgroundDelegate.h in Headers */ = {isa = PBXBuildFile; fileRef = 7A1ECA902403D4E200AAFAD5 /* NNBackgroundDelegate.h */; };
		7A1ECAA42403D4E200AAFAD5 /* UINavigationBar+NNBackgroundView.m in Sources */ = {isa = PBXBuildFile; fileRef = 7A1ECA922403D4E200AAFAD5 /* UINavigationBar+NNBackgroundView.m */; };
		7A1ECAA52403D4E200AAFAD5 /* UINavigationItem+NNBackgroundView.m in Sources */ = {isa = PBXBuildFile; fileRef = 7A1ECA932403D4E200AAFAD5 /* UINavigationItem+NNBackgroundView.m */; };
		7A1ECAA62403D4E200AAFAD5 /* UINavigationItem+NNBackgroundView.h in Headers */ = {isa = PBXBuildFile; fileRef = 7A1ECA942403D4E200AAFAD5 /* UINavigationItem+NNBackgroundView.h */; settings = {ATTRIBUTES = (Public, ); }; };
		7A1ECAA72403D4E200AAFAD5 /* UINavigationBar+NNBackgroundView.h in Headers */ = {isa = PBXBuildFile; fileRef = 7A1ECA952403D4E200AAFAD5 /* UINavigationBar+NNBackgroundView.h */; settings = {ATTRIBUTES = (Public, ); }; };
		7A1ECAA82403D4E200AAFAD5 /* NNNavigationBarBackgroundView.h in Headers */ = {isa = PBXBuildFile; fileRef = 7A1ECA962403D4E200AAFAD5 /* NNNavigationBarBackgroundView.h */; settings = {ATTRIBUTES = (Public, ); }; };
		7A1ECAB52403D4FF00AAFAD5 /* UINavigationBar+NNMethodSwizzling.m in Sources */ = {isa = PBXBuildFile; fileRef = 7A1ECAAB2403D4FF00AAFAD5 /* UINavigationBar+NNMethodSwizzling.m */; };
		7A1ECAB62403D4FF00AAFAD5 /* UINavigationItem+NNCoreProperties.h in Headers */ = {isa = PBXBuildFile; fileRef = 7A1ECAAC2403D4FF00AAFAD5 /* UINavigationItem+NNCoreProperties.h */; };
		7A1ECAB72403D4FF00AAFAD5 /* UINavigationBar+NNCoreProperties.h in Headers */ = {isa = PBXBuildFile; fileRef = 7A1ECAAD2403D4FF00AAFAD5 /* UINavigationBar+NNCoreProperties.h */; };
		7A1ECAB82403D4FF00AAFAD5 /* NNNProxy.m in Sources */ = {isa = PBXBuildFile; fileRef = 7A1ECAAE2403D4FF00AAFAD5 /* NNNProxy.m */; };
		7A1ECAB92403D4FF00AAFAD5 /* NNNTransition.h in Headers */ = {isa = PBXBuildFile; fileRef = 7A1ECAAF2403D4FF00AAFAD5 /* NNNTransition.h */; };
		7A1ECABA2403D4FF00AAFAD5 /* UINavigationBar+NNMethodSwizzling.h in Headers */ = {isa = PBXBuildFile; fileRef = 7A1ECAB02403D4FF00AAFAD5 /* UINavigationBar+NNMethodSwizzling.h */; };
		7A1ECABB2403D4FF00AAFAD5 /* UINavigationBar+NNCoreProperties.m in Sources */ = {isa = PBXBuildFile; fileRef = 7A1ECAB12403D4FF00AAFAD5 /* UINavigationBar+NNCoreProperties.m */; };
		7A1ECABC2403D4FF00AAFAD5 /* UINavigationItem+NNCoreProperties.m in Sources */ = {isa = PBXBuildFile; fileRef = 7A1ECAB22403D4FF00AAFAD5 /* UINavigationItem+NNCoreProperties.m */; };
		7A1ECABD2403D4FF00AAFAD5 /* NNNProxy.h in Headers */ = {isa = PBXBuildFile; fileRef = 7A1ECAB32403D4FF00AAFAD5 /* NNNProxy.h */; };
/* End PBXBuildFile section */

/* Begin PBXContainerItemProxy section */
		67E456AA20A0073A00E58475 /* PBXContainerItemProxy */ = {
			isa = PBXContainerItemProxy;
			containerPortal = 67E4569620A0073900E58475 /* Project object */;
			proxyType = 1;
			remoteGlobalIDString = 67E4569E20A0073A00E58475;
			remoteInfo = NNNavigationBar;
		};
/* End PBXContainerItemProxy section */

/* Begin PBXFileReference section */
		67E4569F20A0073A00E58475 /* NNNavigationBar.framework */ = {isa = PBXFileReference; explicitFileType = wrapper.framework; includeInIndex = 0; path = NNNavigationBar.framework; sourceTree = BUILT_PRODUCTS_DIR; };
		67E456A820A0073A00E58475 /* NNNavigationBarTests.xctest */ = {isa = PBXFileReference; explicitFileType = wrapper.cfbundle; includeInIndex = 0; path = NNNavigationBarTests.xctest; sourceTree = BUILT_PRODUCTS_DIR; };
		67E456AD20A0073A00E58475 /* NNNavigationBarTests.m */ = {isa = PBXFileReference; lastKnownFileType = sourcecode.c.objc; path = NNNavigationBarTests.m; sourceTree = "<group>"; };
		67E456AF20A0073A00E58475 /* Info.plist */ = {isa = PBXFileReference; lastKnownFileType = text.plist.xml; path = Info.plist; sourceTree = "<group>"; };
		67E456E120A007C200E58475 /* UIImage+NNImageWithColor.h */ = {isa = PBXFileReference; fileEncoding = 4; lastKnownFileType = sourcecode.c.h; path = "UIImage+NNImageWithColor.h"; sourceTree = "<group>"; };
		67E456E220A007C200E58475 /* NSLayoutConstraint+NNVisualFormat.h */ = {isa = PBXFileReference; fileEncoding = 4; lastKnownFileType = sourcecode.c.h; path = "NSLayoutConstraint+NNVisualFormat.h"; sourceTree = "<group>"; };
		67E456E320A007C200E58475 /* NSLayoutConstraint+NNVisualFormat.m */ = {isa = PBXFileReference; fileEncoding = 4; lastKnownFileType = sourcecode.c.objc; path = "NSLayoutConstraint+NNVisualFormat.m"; sourceTree = "<group>"; };
		67E456E420A007C200E58475 /* UIImage+NNImageWithColor.m */ = {isa = PBXFileReference; fileEncoding = 4; lastKnownFileType = sourcecode.c.objc; path = "UIImage+NNImageWithColor.m"; sourceTree = "<group>"; };
		67E456E520A007C200E58475 /* NNNavigationBar.h */ = {isa = PBXFileReference; fileEncoding = 4; lastKnownFileType = sourcecode.c.h; path = NNNavigationBar.h; sourceTree = "<group>"; };
		67E4572F20A0156800E58475 /* Info.plist */ = {isa = PBXFileReference; fileEncoding = 4; lastKnownFileType = text.plist.xml; path = Info.plist; sourceTree = "<group>"; };
		7A1ECA6A2403D4B100AAFAD5 /* NNTintColorTransition.m */ = {isa = PBXFileReference; fileEncoding = 4; lastKnownFileType = sourcecode.c.objc; path = NNTintColorTransition.m; sourceTree = "<group>"; };
		7A1ECA6B2403D4B100AAFAD5 /* NNTintColorTransition.h */ = {isa = PBXFileReference; fileEncoding = 4; lastKnownFileType = sourcecode.c.h; path = NNTintColorTransition.h; sourceTree = "<group>"; };
		7A1ECA6D2403D4B100AAFAD5 /* UINavigationBar+NNTintColorDelegateImp.h */ = {isa = PBXFileReference; fileEncoding = 4; lastKnownFileType = sourcecode.c.h; path = "UINavigationBar+NNTintColorDelegateImp.h"; sourceTree = "<group>"; };
		7A1ECA6E2403D4B100AAFAD5 /* NNTintColorDelegate.h */ = {isa = PBXFileReference; fileEncoding = 4; lastKnownFileType = sourcecode.c.h; path = NNTintColorDelegate.h; sourceTree = "<group>"; };
		7A1ECA6F2403D4B100AAFAD5 /* UINavigationBar+NNTintColorDelegateImp.m */ = {isa = PBXFileReference; fileEncoding = 4; lastKnownFileType = sourcecode.c.objc; path = "UINavigationBar+NNTintColorDelegateImp.m"; sourceTree = "<group>"; };
		7A1ECA712403D4B100AAFAD5 /* UINavigationBar+NNTintColor.m */ = {isa = PBXFileReference; fileEncoding = 4; lastKnownFileType = sourcecode.c.objc; path = "UINavigationBar+NNTintColor.m"; sourceTree = "<group>"; };
		7A1ECA722403D4B100AAFAD5 /* NNNavigationBarTintColor.h */ = {isa = PBXFileReference; fileEncoding = 4; lastKnownFileType = sourcecode.c.h; path = NNNavigationBarTintColor.h; sourceTree = "<group>"; };
		7A1ECA732403D4B100AAFAD5 /* UINavigationItem+NNTintColor.m */ = {isa = PBXFileReference; fileEncoding = 4; lastKnownFileType = sourcecode.c.objc; path = "UINavigationItem+NNTintColor.m"; sourceTree = "<group>"; };
		7A1ECA742403D4B100AAFAD5 /* UINavigationBar+NNTintColor.h */ = {isa = PBXFileReference; fileEncoding = 4; lastKnownFileType = sourcecode.c.h; path = "UINavigationBar+NNTintColor.h"; sourceTree = "<group>"; };
		7A1ECA752403D4B100AAFAD5 /* UINavigationItem+NNTintColor.h */ = {isa = PBXFileReference; fileEncoding = 4; lastKnownFileType = sourcecode.c.h; path = "UINavigationItem+NNTintColor.h"; sourceTree = "<group>"; };
		7A1ECA822403D4E200AAFAD5 /* NNBackgroundAlphaTransition.m */ = {isa = PBXFileReference; fileEncoding = 4; lastKnownFileType = sourcecode.c.objc; path = NNBackgroundAlphaTransition.m; sourceTree = "<group>"; };
		7A1ECA832403D4E200AAFAD5 /* NNBackgroundImageTransition.m */ = {isa = PBXFileReference; fileEncoding = 4; lastKnownFileType = sourcecode.c.objc; path = NNBackgroundImageTransition.m; sourceTree = "<group>"; };
		7A1ECA842403D4E200AAFAD5 /* NNBackgroundImageTransition.h */ = {isa = PBXFileReference; fileEncoding = 4; lastKnownFileType = sourcecode.c.h; path = NNBackgroundImageTransition.h; sourceTree = "<group>"; };
		7A1ECA852403D4E200AAFAD5 /* NNBackgroundAlphaTransition.h */ = {isa = PBXFileReference; fileEncoding = 4; lastKnownFileType = sourcecode.c.h; path = NNBackgroundAlphaTransition.h; sourceTree = "<group>"; };
		7A1ECA872403D4E200AAFAD5 /* NNNavigationBarBackgroundImage.h */ = {isa = PBXFileReference; fileEncoding = 4; lastKnownFileType = sourcecode.c.h; path = NNNavigationBarBackgroundImage.h; sourceTree = "<group>"; };
		7A1ECA882403D4E200AAFAD5 /* UINavigationBar+NNBackgroundImageView.m */ = {isa = PBXFileReference; fileEncoding = 4; lastKnownFileType = sourcecode.c.objc; path = "UINavigationBar+NNBackgroundImageView.m"; sourceTree = "<group>"; };
		7A1ECA892403D4E200AAFAD5 /* NNFadeAnimationImageView.m */ = {isa = PBXFileReference; fileEncoding = 4; lastKnownFileType = sourcecode.c.objc; path = NNFadeAnimationImageView.m; sourceTree = "<group>"; };
		7A1ECA8A2403D4E200AAFAD5 /* NNNavigationBarBackgroundImage.m */ = {isa = PBXFileReference; fileEncoding = 4; lastKnownFileType = sourcecode.c.objc; path = NNNavigationBarBackgroundImage.m; sourceTree = "<group>"; };
		7A1ECA8B2403D4E200AAFAD5 /* UINavigationBar+NNBackgroundImageView.h */ = {isa = PBXFileReference; fileEncoding = 4; lastKnownFileType = sourcecode.c.h; path = "UINavigationBar+NNBackgroundImageView.h"; sourceTree = "<group>"; };
		7A1ECA8C2403D4E200AAFAD5 /* NNFadeAnimationImageView.h */ = {isa = PBXFileReference; fileEncoding = 4; lastKnownFileType = sourcecode.c.h; path = NNFadeAnimationImageView.h; sourceTree = "<group>"; };
		7A1ECA8E2403D4E200AAFAD5 /* UINavigationBar+NNBackgroundDelegateImp.m */ = {isa = PBXFileReference; fileEncoding = 4; lastKnownFileType = sourcecode.c.objc; path = "UINavigationBar+NNBackgroundDelegateImp.m"; sourceTree = "<group>"; };
		7A1ECA8F2403D4E200AAFAD5 /* UINavigationBar+NNBackgroundDelegateImp.h */ = {isa = PBXFileReference; fileEncoding = 4; lastKnownFileType = sourcecode.c.h; path = "UINavigationBar+NNBackgroundDelegateImp.h"; sourceTree = "<group>"; };
		7A1ECA902403D4E200AAFAD5 /* NNBackgroundDelegate.h */ = {isa = PBXFileReference; fileEncoding = 4; lastKnownFileType = sourcecode.c.h; path = NNBackgroundDelegate.h; sourceTree = "<group>"; };
		7A1ECA922403D4E200AAFAD5 /* UINavigationBar+NNBackgroundView.m */ = {isa = PBXFileReference; fileEncoding = 4; lastKnownFileType = sourcecode.c.objc; path = "UINavigationBar+NNBackgroundView.m"; sourceTree = "<group>"; };
		7A1ECA932403D4E200AAFAD5 /* UINavigationItem+NNBackgroundView.m */ = {isa = PBXFileReference; fileEncoding = 4; lastKnownFileType = sourcecode.c.objc; path = "UINavigationItem+NNBackgroundView.m"; sourceTree = "<group>"; };
		7A1ECA942403D4E200AAFAD5 /* UINavigationItem+NNBackgroundView.h */ = {isa = PBXFileReference; fileEncoding = 4; lastKnownFileType = sourcecode.c.h; path = "UINavigationItem+NNBackgroundView.h"; sourceTree = "<group>"; };
		7A1ECA952403D4E200AAFAD5 /* UINavigationBar+NNBackgroundView.h */ = {isa = PBXFileReference; fileEncoding = 4; lastKnownFileType = sourcecode.c.h; path = "UINavigationBar+NNBackgroundView.h"; sourceTree = "<group>"; };
		7A1ECA962403D4E200AAFAD5 /* NNNavigationBarBackgroundView.h */ = {isa = PBXFileReference; fileEncoding = 4; lastKnownFileType = sourcecode.c.h; path = NNNavigationBarBackgroundView.h; sourceTree = "<group>"; };
		7A1ECAAB2403D4FF00AAFAD5 /* UINavigationBar+NNMethodSwizzling.m */ = {isa = PBXFileReference; fileEncoding = 4; lastKnownFileType = sourcecode.c.objc; path = "UINavigationBar+NNMethodSwizzling.m"; sourceTree = "<group>"; };
		7A1ECAAC2403D4FF00AAFAD5 /* UINavigationItem+NNCoreProperties.h */ = {isa = PBXFileReference; fileEncoding = 4; lastKnownFileType = sourcecode.c.h; path = "UINavigationItem+NNCoreProperties.h"; sourceTree = "<group>"; };
		7A1ECAAD2403D4FF00AAFAD5 /* UINavigationBar+NNCoreProperties.h */ = {isa = PBXFileReference; fileEncoding = 4; lastKnownFileType = sourcecode.c.h; path = "UINavigationBar+NNCoreProperties.h"; sourceTree = "<group>"; };
		7A1ECAAE2403D4FF00AAFAD5 /* NNNProxy.m */ = {isa = PBXFileReference; fileEncoding = 4; lastKnownFileType = sourcecode.c.objc; path = NNNProxy.m; sourceTree = "<group>"; };
		7A1ECAAF2403D4FF00AAFAD5 /* NNNTransition.h */ = {isa = PBXFileReference; fileEncoding = 4; lastKnownFileType = sourcecode.c.h; path = NNNTransition.h; sourceTree = "<group>"; };
		7A1ECAB02403D4FF00AAFAD5 /* UINavigationBar+NNMethodSwizzling.h */ = {isa = PBXFileReference; fileEncoding = 4; lastKnownFileType = sourcecode.c.h; path = "UINavigationBar+NNMethodSwizzling.h"; sourceTree = "<group>"; };
		7A1ECAB12403D4FF00AAFAD5 /* UINavigationBar+NNCoreProperties.m */ = {isa = PBXFileReference; fileEncoding = 4; lastKnownFileType = sourcecode.c.objc; path = "UINavigationBar+NNCoreProperties.m"; sourceTree = "<group>"; };
		7A1ECAB22403D4FF00AAFAD5 /* UINavigationItem+NNCoreProperties.m */ = {isa = PBXFileReference; fileEncoding = 4; lastKnownFileType = sourcecode.c.objc; path = "UINavigationItem+NNCoreProperties.m"; sourceTree = "<group>"; };
		7A1ECAB32403D4FF00AAFAD5 /* NNNProxy.h */ = {isa = PBXFileReference; fileEncoding = 4; lastKnownFileType = sourcecode.c.h; path = NNNProxy.h; sourceTree = "<group>"; };
/* End PBXFileReference section */

/* Begin PBXFrameworksBuildPhase section */
		67E4569B20A0073A00E58475 /* Frameworks */ = {
			isa = PBXFrameworksBuildPhase;
			buildActionMask = 2147483647;
			files = (
			);
			runOnlyForDeploymentPostprocessing = 0;
		};
		67E456A520A0073A00E58475 /* Frameworks */ = {
			isa = PBXFrameworksBuildPhase;
			buildActionMask = 2147483647;
			files = (
				67E456A920A0073A00E58475 /* NNNavigationBar.framework in Frameworks */,
			);
			runOnlyForDeploymentPostprocessing = 0;
		};
/* End PBXFrameworksBuildPhase section */

/* Begin PBXGroup section */
		67E4569520A0073900E58475 = {
			isa = PBXGroup;
			children = (
				67E456B920A007C200E58475 /* NNNavigationBar */,
				67E4572E20A0156800E58475 /* Supporting Files */,
				67E456AC20A0073A00E58475 /* NNNavigationBarTests */,
				67E456A020A0073A00E58475 /* Products */,
			);
			sourceTree = "<group>";
		};
		67E456A020A0073A00E58475 /* Products */ = {
			isa = PBXGroup;
			children = (
				67E4569F20A0073A00E58475 /* NNNavigationBar.framework */,
				67E456A820A0073A00E58475 /* NNNavigationBarTests.xctest */,
			);
			name = Products;
			sourceTree = "<group>";
		};
		67E456AC20A0073A00E58475 /* NNNavigationBarTests */ = {
			isa = PBXGroup;
			children = (
				67E456AD20A0073A00E58475 /* NNNavigationBarTests.m */,
				67E456AF20A0073A00E58475 /* Info.plist */,
			);
			path = NNNavigationBarTests;
			sourceTree = "<group>";
		};
		67E456B920A007C200E58475 /* NNNavigationBar */ = {
			isa = PBXGroup;
			children = (
				67E456E520A007C200E58475 /* NNNavigationBar.h */,
				7A1ECAA92403D4FF00AAFAD5 /* Core */,
				7A1ECA802403D4E200AAFAD5 /* Background */,
				7A1ECA682403D4B100AAFAD5 /* TintColor */,
				67E456E020A007C200E58475 /* Utils */,
			);
			path = NNNavigationBar;
			sourceTree = "<group>";
		};
		67E456E020A007C200E58475 /* Utils */ = {
			isa = PBXGroup;
			children = (
				67E456E220A007C200E58475 /* NSLayoutConstraint+NNVisualFormat.h */,
				67E456E320A007C200E58475 /* NSLayoutConstraint+NNVisualFormat.m */,
				67E456E120A007C200E58475 /* UIImage+NNImageWithColor.h */,
				67E456E420A007C200E58475 /* UIImage+NNImageWithColor.m */,
			);
			path = Utils;
			sourceTree = "<group>";
		};
		67E4572E20A0156800E58475 /* Supporting Files */ = {
			isa = PBXGroup;
			children = (
				67E4572F20A0156800E58475 /* Info.plist */,
			);
			path = "Supporting Files";
			sourceTree = "<group>";
		};
		7A1ECA682403D4B100AAFAD5 /* TintColor */ = {
			isa = PBXGroup;
			children = (
				7A1ECA692403D4B100AAFAD5 /* Transition */,
				7A1ECA6C2403D4B100AAFAD5 /* Delegate */,
				7A1ECA702403D4B100AAFAD5 /* Public */,
			);
			path = TintColor;
			sourceTree = "<group>";
		};
		7A1ECA692403D4B100AAFAD5 /* Transition */ = {
			isa = PBXGroup;
			children = (
				7A1ECA6A2403D4B100AAFAD5 /* NNTintColorTransition.m */,
				7A1ECA6B2403D4B100AAFAD5 /* NNTintColorTransition.h */,
			);
			path = Transition;
			sourceTree = "<group>";
		};
		7A1ECA6C2403D4B100AAFAD5 /* Delegate */ = {
			isa = PBXGroup;
			children = (
				7A1ECA6D2403D4B100AAFAD5 /* UINavigationBar+NNTintColorDelegateImp.h */,
				7A1ECA6E2403D4B100AAFAD5 /* NNTintColorDelegate.h */,
				7A1ECA6F2403D4B100AAFAD5 /* UINavigationBar+NNTintColorDelegateImp.m */,
			);
			path = Delegate;
			sourceTree = "<group>";
		};
		7A1ECA702403D4B100AAFAD5 /* Public */ = {
			isa = PBXGroup;
			children = (
				7A1ECA712403D4B100AAFAD5 /* UINavigationBar+NNTintColor.m */,
				7A1ECA722403D4B100AAFAD5 /* NNNavigationBarTintColor.h */,
				7A1ECA732403D4B100AAFAD5 /* UINavigationItem+NNTintColor.m */,
				7A1ECA742403D4B100AAFAD5 /* UINavigationBar+NNTintColor.h */,
				7A1ECA752403D4B100AAFAD5 /* UINavigationItem+NNTintColor.h */,
			);
			path = Public;
			sourceTree = "<group>";
		};
		7A1ECA802403D4E200AAFAD5 /* Background */ = {
			isa = PBXGroup;
			children = (
				7A1ECA812403D4E200AAFAD5 /* Transition */,
				7A1ECA862403D4E200AAFAD5 /* Source */,
				7A1ECA8D2403D4E200AAFAD5 /* Delegate */,
				7A1ECA912403D4E200AAFAD5 /* Public */,
			);
			path = Background;
			sourceTree = "<group>";
		};
		7A1ECA812403D4E200AAFAD5 /* Transition */ = {
			isa = PBXGroup;
			children = (
				7A1ECA852403D4E200AAFAD5 /* NNBackgroundAlphaTransition.h */,
				7A1ECA822403D4E200AAFAD5 /* NNBackgroundAlphaTransition.m */,
				7A1ECA842403D4E200AAFAD5 /* NNBackgroundImageTransition.h */,
				7A1ECA832403D4E200AAFAD5 /* NNBackgroundImageTransition.m */,
			);
			path = Transition;
			sourceTree = "<group>";
		};
		7A1ECA862403D4E200AAFAD5 /* Source */ = {
			isa = PBXGroup;
			children = (
				7A1ECA8C2403D4E200AAFAD5 /* NNFadeAnimationImageView.h */,
				7A1ECA892403D4E200AAFAD5 /* NNFadeAnimationImageView.m */,
				7A1ECA872403D4E200AAFAD5 /* NNNavigationBarBackgroundImage.h */,
				7A1ECA8A2403D4E200AAFAD5 /* NNNavigationBarBackgroundImage.m */,
				7A1ECA8B2403D4E200AAFAD5 /* UINavigationBar+NNBackgroundImageView.h */,
				7A1ECA882403D4E200AAFAD5 /* UINavigationBar+NNBackgroundImageView.m */,
			);
			path = Source;
			sourceTree = "<group>";
		};
		7A1ECA8D2403D4E200AAFAD5 /* Delegate */ = {
			isa = PBXGroup;
			children = (
				7A1ECA8E2403D4E200AAFAD5 /* UINavigationBar+NNBackgroundDelegateImp.m */,
				7A1ECA8F2403D4E200AAFAD5 /* UINavigationBar+NNBackgroundDelegateImp.h */,
				7A1ECA902403D4E200AAFAD5 /* NNBackgroundDelegate.h */,
			);
			path = Delegate;
			sourceTree = "<group>";
		};
		7A1ECA912403D4E200AAFAD5 /* Public */ = {
			isa = PBXGroup;
			children = (
				7A1ECA922403D4E200AAFAD5 /* UINavigationBar+NNBackgroundView.m */,
				7A1ECA932403D4E200AAFAD5 /* UINavigationItem+NNBackgroundView.m */,
				7A1ECA942403D4E200AAFAD5 /* UINavigationItem+NNBackgroundView.h */,
				7A1ECA952403D4E200AAFAD5 /* UINavigationBar+NNBackgroundView.h */,
				7A1ECA962403D4E200AAFAD5 /* NNNavigationBarBackgroundView.h */,
			);
			path = Public;
			sourceTree = "<group>";
		};
		7A1ECAA92403D4FF00AAFAD5 /* Core */ = {
			isa = PBXGroup;
			children = (
				7A1ECAB32403D4FF00AAFAD5 /* NNNProxy.h */,
				7A1ECAAE2403D4FF00AAFAD5 /* NNNProxy.m */,
				7A1ECAAF2403D4FF00AAFAD5 /* NNNTransition.h */,
				7A1ECAAD2403D4FF00AAFAD5 /* UINavigationBar+NNCoreProperties.h */,
				7A1ECAB12403D4FF00AAFAD5 /* UINavigationBar+NNCoreProperties.m */,
				7A1ECAB02403D4FF00AAFAD5 /* UINavigationBar+NNMethodSwizzling.h */,
				7A1ECAAB2403D4FF00AAFAD5 /* UINavigationBar+NNMethodSwizzling.m */,
				7A1ECAAC2403D4FF00AAFAD5 /* UINavigationItem+NNCoreProperties.h */,
				7A1ECAB22403D4FF00AAFAD5 /* UINavigationItem+NNCoreProperties.m */,
			);
			path = Core;
			sourceTree = "<group>";
		};
/* End PBXGroup section */

/* Begin PBXHeadersBuildPhase section */
		67E4569C20A0073A00E58475 /* Headers */ = {
			isa = PBXHeadersBuildPhase;
			buildActionMask = 2147483647;
			files = (
				7A1ECA7F2403D4B100AAFAD5 /* UINavigationItem+NNTintColor.h in Headers */,
				7A1ECA7E2403D4B100AAFAD5 /* UINavigationBar+NNTintColor.h in Headers */,
				7A1ECA7C2403D4B100AAFAD5 /* NNNavigationBarTintColor.h in Headers */,
				7A1ECAA62403D4E200AAFAD5 /* UINavigationItem+NNBackgroundView.h in Headers */,
				7A1ECAA72403D4E200AAFAD5 /* UINavigationBar+NNBackgroundView.h in Headers */,
				7A1ECAA82403D4E200AAFAD5 /* NNNavigationBarBackgroundView.h in Headers */,
				7A1ECAB92403D4FF00AAFAD5 /* NNNTransition.h in Headers */,
				7A1ECA9A2403D4E200AAFAD5 /* NNBackgroundAlphaTransition.h in Headers */,
				67E4571620A007C200E58475 /* UIImage+NNImageWithColor.h in Headers */,
				7A1ECABA2403D4FF00AAFAD5 /* UINavigationBar+NNMethodSwizzling.h in Headers */,
				67E4571720A007C200E58475 /* NSLayoutConstraint+NNVisualFormat.h in Headers */,
				7A1ECA9B2403D4E200AAFAD5 /* NNNavigationBarBackgroundImage.h in Headers */,
				67E4571A20A007C200E58475 /* NNNavigationBar.h in Headers */,
				7A1ECAA02403D4E200AAFAD5 /* NNFadeAnimationImageView.h in Headers */,
				7A1ECA772403D4B100AAFAD5 /* NNTintColorTransition.h in Headers */,
				7A1ECA782403D4B100AAFAD5 /* UINavigationBar+NNTintColorDelegateImp.h in Headers */,
				7A1ECA992403D4E200AAFAD5 /* NNBackgroundImageTransition.h in Headers */,
				7A1ECAA22403D4E200AAFAD5 /* UINavigationBar+NNBackgroundDelegateImp.h in Headers */,
				7A1ECA792403D4B100AAFAD5 /* NNTintColorDelegate.h in Headers */,
				7A1ECAA32403D4E200AAFAD5 /* NNBackgroundDelegate.h in Headers */,
				7A1ECAB62403D4FF00AAFAD5 /* UINavigationItem+NNCoreProperties.h in Headers */,
				7A1ECABD2403D4FF00AAFAD5 /* NNNProxy.h in Headers */,
				7A1ECA9F2403D4E200AAFAD5 /* UINavigationBar+NNBackgroundImageView.h in Headers */,
				7A1ECAB72403D4FF00AAFAD5 /* UINavigationBar+NNCoreProperties.h in Headers */,
			);
			runOnlyForDeploymentPostprocessing = 0;
		};
/* End PBXHeadersBuildPhase section */

/* Begin PBXNativeTarget section */
		67E4569E20A0073A00E58475 /* NNNavigationBar */ = {
			isa = PBXNativeTarget;
			buildConfigurationList = 67E456B320A0073A00E58475 /* Build configuration list for PBXNativeTarget "NNNavigationBar" */;
			buildPhases = (
				67E4569A20A0073A00E58475 /* Sources */,
				67E4569B20A0073A00E58475 /* Frameworks */,
				67E4569C20A0073A00E58475 /* Headers */,
				67E4569D20A0073A00E58475 /* Resources */,
			);
			buildRules = (
			);
			dependencies = (
			);
			name = NNNavigationBar;
			productName = NNNavigationBar;
			productReference = 67E4569F20A0073A00E58475 /* NNNavigationBar.framework */;
			productType = "com.apple.product-type.framework";
		};
		67E456A720A0073A00E58475 /* NNNavigationBarTests */ = {
			isa = PBXNativeTarget;
			buildConfigurationList = 67E456B620A0073A00E58475 /* Build configuration list for PBXNativeTarget "NNNavigationBarTests" */;
			buildPhases = (
				67E456A420A0073A00E58475 /* Sources */,
				67E456A520A0073A00E58475 /* Frameworks */,
				67E456A620A0073A00E58475 /* Resources */,
			);
			buildRules = (
			);
			dependencies = (
				67E456AB20A0073A00E58475 /* PBXTargetDependency */,
			);
			name = NNNavigationBarTests;
			productName = NNNavigationBarTests;
			productReference = 67E456A820A0073A00E58475 /* NNNavigationBarTests.xctest */;
			productType = "com.apple.product-type.bundle.unit-test";
		};
/* End PBXNativeTarget section */

/* Begin PBXProject section */
		67E4569620A0073900E58475 /* Project object */ = {
			isa = PBXProject;
			attributes = {
				LastUpgradeCheck = 0930;
				ORGANIZATIONNAME = GuHaijun;
				TargetAttributes = {
					67E4569E20A0073A00E58475 = {
						CreatedOnToolsVersion = 9.3;
					};
					67E456A720A0073A00E58475 = {
						CreatedOnToolsVersion = 9.3;
					};
				};
			};
			buildConfigurationList = 67E4569920A0073900E58475 /* Build configuration list for PBXProject "NNNavigationBar" */;
			compatibilityVersion = "Xcode 9.3";
			developmentRegion = en;
			hasScannedForEncodings = 0;
			knownRegions = (
				en,
				Base,
			);
			mainGroup = 67E4569520A0073900E58475;
			productRefGroup = 67E456A020A0073A00E58475 /* Products */;
			projectDirPath = "";
			projectRoot = "";
			targets = (
				67E4569E20A0073A00E58475 /* NNNavigationBar */,
				67E456A720A0073A00E58475 /* NNNavigationBarTests */,
			);
		};
/* End PBXProject section */

/* Begin PBXResourcesBuildPhase section */
		67E4569D20A0073A00E58475 /* Resources */ = {
			isa = PBXResourcesBuildPhase;
			buildActionMask = 2147483647;
			files = (
			);
			runOnlyForDeploymentPostprocessing = 0;
		};
		67E456A620A0073A00E58475 /* Resources */ = {
			isa = PBXResourcesBuildPhase;
			buildActionMask = 2147483647;
			files = (
			);
			runOnlyForDeploymentPostprocessing = 0;
		};
/* End PBXResourcesBuildPhase section */

/* Begin PBXSourcesBuildPhase section */
		67E4569A20A0073A00E58475 /* Sources */ = {
			isa = PBXSourcesBuildPhase;
			buildActionMask = 2147483647;
			files = (
				7A1ECA972403D4E200AAFAD5 /* NNBackgroundAlphaTransition.m in Sources */,
				7A1ECA7D2403D4B100AAFAD5 /* UINavigationItem+NNTintColor.m in Sources */,
				7A1ECA7B2403D4B100AAFAD5 /* UINavigationBar+NNTintColor.m in Sources */,
				7A1ECAA52403D4E200AAFAD5 /* UINavigationItem+NNBackgroundView.m in Sources */,
				7A1ECAA42403D4E200AAFAD5 /* UINavigationBar+NNBackgroundView.m in Sources */,
				7A1ECAB82403D4FF00AAFAD5 /* NNNProxy.m in Sources */,
				7A1ECA9D2403D4E200AAFAD5 /* NNFadeAnimationImageView.m in Sources */,
				7A1ECA9C2403D4E200AAFAD5 /* UINavigationBar+NNBackgroundImageView.m in Sources */,
				7A1ECAA12403D4E200AAFAD5 /* UINavigationBar+NNBackgroundDelegateImp.m in Sources */,
				7A1ECABB2403D4FF00AAFAD5 /* UINavigationBar+NNCoreProperties.m in Sources */,
				7A1ECA762403D4B100AAFAD5 /* NNTintColorTransition.m in Sources */,
				7A1ECA982403D4E200AAFAD5 /* NNBackgroundImageTransition.m in Sources */,
				7A1ECAB52403D4FF00AAFAD5 /* UINavigationBar+NNMethodSwizzling.m in Sources */,
				7A1ECABC2403D4FF00AAFAD5 /* UINavigationItem+NNCoreProperties.m in Sources */,
				67E4571920A007C200E58475 /* UIImage+NNImageWithColor.m in Sources */,
				67E4571820A007C200E58475 /* NSLayoutConstraint+NNVisualFormat.m in Sources */,
				7A1ECA9E2403D4E200AAFAD5 /* NNNavigationBarBackgroundImage.m in Sources */,
				7A1ECA7A2403D4B100AAFAD5 /* UINavigationBar+NNTintColorDelegateImp.m in Sources */,
			);
			runOnlyForDeploymentPostprocessing = 0;
		};
		67E456A420A0073A00E58475 /* Sources */ = {
			isa = PBXSourcesBuildPhase;
			buildActionMask = 2147483647;
			files = (
				67E456AE20A0073A00E58475 /* NNNavigationBarTests.m in Sources */,
			);
			runOnlyForDeploymentPostprocessing = 0;
		};
/* End PBXSourcesBuildPhase section */

/* Begin PBXTargetDependency section */
		67E456AB20A0073A00E58475 /* PBXTargetDependency */ = {
			isa = PBXTargetDependency;
			target = 67E4569E20A0073A00E58475 /* NNNavigationBar */;
			targetProxy = 67E456AA20A0073A00E58475 /* PBXContainerItemProxy */;
		};
/* End PBXTargetDependency section */

/* Begin XCBuildConfiguration section */
		67E456B120A0073A00E58475 /* Debug */ = {
			isa = XCBuildConfiguration;
			buildSettings = {
				ALWAYS_SEARCH_USER_PATHS = NO;
				CLANG_ANALYZER_NONNULL = YES;
				CLANG_ANALYZER_NUMBER_OBJECT_CONVERSION = YES_AGGRESSIVE;
				CLANG_CXX_LANGUAGE_STANDARD = "gnu++14";
				CLANG_CXX_LIBRARY = "libc++";
				CLANG_ENABLE_MODULES = YES;
				CLANG_ENABLE_OBJC_ARC = YES;
				CLANG_ENABLE_OBJC_WEAK = YES;
				CLANG_WARN_BLOCK_CAPTURE_AUTORELEASING = YES;
				CLANG_WARN_BOOL_CONVERSION = YES;
				CLANG_WARN_COMMA = YES;
				CLANG_WARN_CONSTANT_CONVERSION = YES;
				CLANG_WARN_DEPRECATED_OBJC_IMPLEMENTATIONS = YES;
				CLANG_WARN_DIRECT_OBJC_ISA_USAGE = YES_ERROR;
				CLANG_WARN_DOCUMENTATION_COMMENTS = YES;
				CLANG_WARN_EMPTY_BODY = YES;
				CLANG_WARN_ENUM_CONVERSION = YES;
				CLANG_WARN_INFINITE_RECURSION = YES;
				CLANG_WARN_INT_CONVERSION = YES;
				CLANG_WARN_NON_LITERAL_NULL_CONVERSION = YES;
				CLANG_WARN_OBJC_IMPLICIT_RETAIN_SELF = YES;
				CLANG_WARN_OBJC_LITERAL_CONVERSION = YES;
				CLANG_WARN_OBJC_ROOT_CLASS = YES_ERROR;
				CLANG_WARN_RANGE_LOOP_ANALYSIS = YES;
				CLANG_WARN_STRICT_PROTOTYPES = YES;
				CLANG_WARN_SUSPICIOUS_MOVE = YES;
				CLANG_WARN_UNGUARDED_AVAILABILITY = YES_AGGRESSIVE;
				CLANG_WARN_UNREACHABLE_CODE = YES;
				CLANG_WARN__DUPLICATE_METHOD_MATCH = YES;
				CODE_SIGN_IDENTITY = "iPhone Developer";
				COPY_PHASE_STRIP = NO;
				CURRENT_PROJECT_VERSION = 1;
				DEBUG_INFORMATION_FORMAT = dwarf;
				ENABLE_STRICT_OBJC_MSGSEND = YES;
				ENABLE_TESTABILITY = YES;
				GCC_C_LANGUAGE_STANDARD = gnu11;
				GCC_DYNAMIC_NO_PIC = NO;
				GCC_NO_COMMON_BLOCKS = YES;
				GCC_OPTIMIZATION_LEVEL = 0;
				GCC_PREPROCESSOR_DEFINITIONS = (
					"DEBUG=1",
					"$(inherited)",
				);
				GCC_WARN_64_TO_32_BIT_CONVERSION = YES;
				GCC_WARN_ABOUT_RETURN_TYPE = YES_ERROR;
				GCC_WARN_UNDECLARED_SELECTOR = YES;
				GCC_WARN_UNINITIALIZED_AUTOS = YES_AGGRESSIVE;
				GCC_WARN_UNUSED_FUNCTION = YES;
				GCC_WARN_UNUSED_VARIABLE = YES;
				IPHONEOS_DEPLOYMENT_TARGET = 8.0;
				MTL_ENABLE_DEBUG_INFO = YES;
				ONLY_ACTIVE_ARCH = YES;
				SDKROOT = iphoneos;
				VERSIONING_SYSTEM = "apple-generic";
				VERSION_INFO_PREFIX = "";
			};
			name = Debug;
		};
		67E456B220A0073A00E58475 /* Release */ = {
			isa = XCBuildConfiguration;
			buildSettings = {
				ALWAYS_SEARCH_USER_PATHS = NO;
				CLANG_ANALYZER_NONNULL = YES;
				CLANG_ANALYZER_NUMBER_OBJECT_CONVERSION = YES_AGGRESSIVE;
				CLANG_CXX_LANGUAGE_STANDARD = "gnu++14";
				CLANG_CXX_LIBRARY = "libc++";
				CLANG_ENABLE_MODULES = YES;
				CLANG_ENABLE_OBJC_ARC = YES;
				CLANG_ENABLE_OBJC_WEAK = YES;
				CLANG_WARN_BLOCK_CAPTURE_AUTORELEASING = YES;
				CLANG_WARN_BOOL_CONVERSION = YES;
				CLANG_WARN_COMMA = YES;
				CLANG_WARN_CONSTANT_CONVERSION = YES;
				CLANG_WARN_DEPRECATED_OBJC_IMPLEMENTATIONS = YES;
				CLANG_WARN_DIRECT_OBJC_ISA_USAGE = YES_ERROR;
				CLANG_WARN_DOCUMENTATION_COMMENTS = YES;
				CLANG_WARN_EMPTY_BODY = YES;
				CLANG_WARN_ENUM_CONVERSION = YES;
				CLANG_WARN_INFINITE_RECURSION = YES;
				CLANG_WARN_INT_CONVERSION = YES;
				CLANG_WARN_NON_LITERAL_NULL_CONVERSION = YES;
				CLANG_WARN_OBJC_IMPLICIT_RETAIN_SELF = YES;
				CLANG_WARN_OBJC_LITERAL_CONVERSION = YES;
				CLANG_WARN_OBJC_ROOT_CLASS = YES_ERROR;
				CLANG_WARN_RANGE_LOOP_ANALYSIS = YES;
				CLANG_WARN_STRICT_PROTOTYPES = YES;
				CLANG_WARN_SUSPICIOUS_MOVE = YES;
				CLANG_WARN_UNGUARDED_AVAILABILITY = YES_AGGRESSIVE;
				CLANG_WARN_UNREACHABLE_CODE = YES;
				CLANG_WARN__DUPLICATE_METHOD_MATCH = YES;
				CODE_SIGN_IDENTITY = "iPhone Developer";
				COPY_PHASE_STRIP = NO;
				CURRENT_PROJECT_VERSION = 1;
				DEBUG_INFORMATION_FORMAT = "dwarf-with-dsym";
				ENABLE_NS_ASSERTIONS = NO;
				ENABLE_STRICT_OBJC_MSGSEND = YES;
				GCC_C_LANGUAGE_STANDARD = gnu11;
				GCC_NO_COMMON_BLOCKS = YES;
				GCC_WARN_64_TO_32_BIT_CONVERSION = YES;
				GCC_WARN_ABOUT_RETURN_TYPE = YES_ERROR;
				GCC_WARN_UNDECLARED_SELECTOR = YES;
				GCC_WARN_UNINITIALIZED_AUTOS = YES_AGGRESSIVE;
				GCC_WARN_UNUSED_FUNCTION = YES;
				GCC_WARN_UNUSED_VARIABLE = YES;
				IPHONEOS_DEPLOYMENT_TARGET = 8.0;
				MTL_ENABLE_DEBUG_INFO = NO;
				SDKROOT = iphoneos;
				VALIDATE_PRODUCT = YES;
				VERSIONING_SYSTEM = "apple-generic";
				VERSION_INFO_PREFIX = "";
			};
			name = Release;
		};
		67E456B420A0073A00E58475 /* Debug */ = {
			isa = XCBuildConfiguration;
			buildSettings = {
				CODE_SIGN_IDENTITY = "Apple Development";
				CODE_SIGN_STYLE = Automatic;
				DEFINES_MODULE = YES;
				DEVELOPMENT_TEAM = CR5YFAXCM3;
				DYLIB_COMPATIBILITY_VERSION = 1;
				DYLIB_CURRENT_VERSION = 1;
				DYLIB_INSTALL_NAME_BASE = "@rpath";
				GCC_PREPROCESSOR_DEFINITIONS = (
					"$(inherited)",
					"NNNavigationBarLoggingEnable=1",
				);
				INFOPLIST_FILE = "$(SRCROOT)/Supporting Files/Info.plist";
				INSTALL_PATH = "$(LOCAL_LIBRARY_DIR)/Frameworks";
				IPHONEOS_DEPLOYMENT_TARGET = 8.0;
				LD_RUNPATH_SEARCH_PATHS = (
					"$(inherited)",
					"@executable_path/Frameworks",
					"@loader_path/Frameworks",
				);
				PRODUCT_BUNDLE_IDENTIFIER = com.nn.NNNavigationBar;
				PRODUCT_NAME = "$(TARGET_NAME:c99extidentifier)";
				SKIP_INSTALL = YES;
				SUPPORTS_MACCATALYST = NO;
				TARGETED_DEVICE_FAMILY = "1,2";
			};
			name = Debug;
		};
		67E456B520A0073A00E58475 /* Release */ = {
			isa = XCBuildConfiguration;
			buildSettings = {
				CODE_SIGN_IDENTITY = "Apple Development";
				CODE_SIGN_STYLE = Automatic;
				DEFINES_MODULE = YES;
				DEVELOPMENT_TEAM = CR5YFAXCM3;
				DYLIB_COMPATIBILITY_VERSION = 1;
				DYLIB_CURRENT_VERSION = 1;
				DYLIB_INSTALL_NAME_BASE = "@rpath";
				INFOPLIST_FILE = "$(SRCROOT)/Supporting Files/Info.plist";
				INSTALL_PATH = "$(LOCAL_LIBRARY_DIR)/Frameworks";
				IPHONEOS_DEPLOYMENT_TARGET = 8.0;
				LD_RUNPATH_SEARCH_PATHS = (
					"$(inherited)",
					"@executable_path/Frameworks",
					"@loader_path/Frameworks",
				);
				PRODUCT_BUNDLE_IDENTIFIER = com.nn.NNNavigationBar;
				PRODUCT_NAME = "$(TARGET_NAME:c99extidentifier)";
				SKIP_INSTALL = YES;
				SUPPORTS_MACCATALYST = NO;
				TARGETED_DEVICE_FAMILY = "1,2";
			};
			name = Release;
		};
		67E456B720A0073A00E58475 /* Debug */ = {
			isa = XCBuildConfiguration;
			buildSettings = {
				CODE_SIGN_STYLE = Automatic;
				INFOPLIST_FILE = NNNavigationBarTests/Info.plist;
				LD_RUNPATH_SEARCH_PATHS = (
					"$(inherited)",
					"@executable_path/Frameworks",
					"@loader_path/Frameworks",
				);
				PRODUCT_BUNDLE_IDENTIFIER = com.nn.NNNavigationBarTests;
				PRODUCT_NAME = "$(TARGET_NAME)";
				TARGETED_DEVICE_FAMILY = "1,2";
			};
			name = Debug;
		};
		67E456B820A0073A00E58475 /* Release */ = {
			isa = XCBuildConfiguration;
			buildSettings = {
				CODE_SIGN_STYLE = Automatic;
				INFOPLIST_FILE = NNNavigationBarTests/Info.plist;
				LD_RUNPATH_SEARCH_PATHS = (
					"$(inherited)",
					"@executable_path/Frameworks",
					"@loader_path/Frameworks",
				);
				PRODUCT_BUNDLE_IDENTIFIER = com.nn.NNNavigationBarTests;
				PRODUCT_NAME = "$(TARGET_NAME)";
				TARGETED_DEVICE_FAMILY = "1,2";
			};
			name = Release;
		};
/* End XCBuildConfiguration section */

/* Begin XCConfigurationList section */
		67E4569920A0073900E58475 /* Build configuration list for PBXProject "NNNavigationBar" */ = {
			isa = XCConfigurationList;
			buildConfigurations = (
				67E456B120A0073A00E58475 /* Debug */,
				67E456B220A0073A00E58475 /* Release */,
			);
			defaultConfigurationIsVisible = 0;
			defaultConfigurationName = Release;
		};
		67E456B320A0073A00E58475 /* Build configuration list for PBXNativeTarget "NNNavigationBar" */ = {
			isa = XCConfigurationList;
			buildConfigurations = (
				67E456B420A0073A00E58475 /* Debug */,
				67E456B520A0073A00E58475 /* Release */,
			);
			defaultConfigurationIsVisible = 0;
			defaultConfigurationName = Release;
		};
		67E456B620A0073A00E58475 /* Build configuration list for PBXNativeTarget "NNNavigationBarTests" */ = {
			isa = XCConfigurationList;
			buildConfigurations = (
				67E456B720A0073A00E58475 /* Debug */,
				67E456B820A0073A00E58475 /* Release */,
			);
			defaultConfigurationIsVisible = 0;
			defaultConfigurationName = Release;
		};
/* End XCConfigurationList section */
	};
	rootObject = 67E4569620A0073900E58475 /* Project object */;
}
