// !$*UTF8*$!
{
	archiveVersion = 1;
	classes = {
	};
	objectVersion = 48;
	objects = {

/* Begin PBXBuildFile section */
		6781EA332085A6ED00C96B95 /* UINavigationBar+NNBackgroundStyle.m in Sources */ = {isa = PBXBuildFile; fileRef = 6781EA322085A6ED00C96B95 /* UINavigationBar+NNBackgroundStyle.m */; };
		679AA53C20858D2E00749AF6 /* UINavigationBar+NNBackgroundImageView.m in Sources */ = {isa = PBXBuildFile; fileRef = 679AA53B20858D2E00749AF6 /* UINavigationBar+NNBackgroundImageView.m */; };
		679AA53F20858E4300749AF6 /* UINavigationBar+NNBackgroundMethodSwizzling.m in Sources */ = {isa = PBXBuildFile; fileRef = 679AA53E20858E4300749AF6 /* UINavigationBar+NNBackgroundMethodSwizzling.m */; };
		679AA54220858F5A00749AF6 /* UINavigationBar+NNBackgroundDelegateImp.m in Sources */ = {isa = PBXBuildFile; fileRef = 679AA54120858F5A00749AF6 /* UINavigationBar+NNBackgroundDelegateImp.m */; };
		67A6F43E207EFD1B0082A845 /* AppDelegate.m in Sources */ = {isa = PBXBuildFile; fileRef = 67A6F43D207EFD1B0082A845 /* AppDelegate.m */; };
		67A6F444207EFD1B0082A845 /* Main.storyboard in Resources */ = {isa = PBXBuildFile; fileRef = 67A6F442207EFD1B0082A845 /* Main.storyboard */; };
		67A6F446207EFD1B0082A845 /* Assets.xcassets in Resources */ = {isa = PBXBuildFile; fileRef = 67A6F445207EFD1B0082A845 /* Assets.xcassets */; };
		67A6F449207EFD1B0082A845 /* LaunchScreen.storyboard in Resources */ = {isa = PBXBuildFile; fileRef = 67A6F447207EFD1B0082A845 /* LaunchScreen.storyboard */; };
		67A6F44C207EFD1B0082A845 /* main.m in Sources */ = {isa = PBXBuildFile; fileRef = 67A6F44B207EFD1B0082A845 /* main.m */; };
		67A6F456207EFD1B0082A845 /* NNNavigationBarDemoTests.m in Sources */ = {isa = PBXBuildFile; fileRef = 67A6F455207EFD1B0082A845 /* NNNavigationBarDemoTests.m */; };
		67A6F461207EFD1B0082A845 /* NNNavigationBarDemoUITests.m in Sources */ = {isa = PBXBuildFile; fileRef = 67A6F460207EFD1B0082A845 /* NNNavigationBarDemoUITests.m */; };
		67A6F478207EFD430082A845 /* UINavigationBar+NNBackgroundView.m in Sources */ = {isa = PBXBuildFile; fileRef = 67A6F46F207EFD430082A845 /* UINavigationBar+NNBackgroundView.m */; };
		67A6F479207EFD430082A845 /* UINavigationItem+NNBackgroundItem.m in Sources */ = {isa = PBXBuildFile; fileRef = 67A6F472207EFD430082A845 /* UINavigationItem+NNBackgroundItem.m */; };
		67A6F47A207EFD430082A845 /* UINavigationItem+NNBackgroundItemDelegate.m in Sources */ = {isa = PBXBuildFile; fileRef = 67A6F473207EFD430082A845 /* UINavigationItem+NNBackgroundItemDelegate.m */; };
		67A6F47B207EFD430082A845 /* UIImage+NNImageWithColor.m in Sources */ = {isa = PBXBuildFile; fileRef = 67A6F474207EFD430082A845 /* UIImage+NNImageWithColor.m */; };
		67A6F47E207F0FE00082A845 /* DemoViewController+TableView.m in Sources */ = {isa = PBXBuildFile; fileRef = 67A6F47D207F0FE00082A845 /* DemoViewController+TableView.m */; };
		67A6F481207F1AD00082A845 /* MainViewController.m in Sources */ = {isa = PBXBuildFile; fileRef = 67A6F480207F1AD00082A845 /* MainViewController.m */; };
		67A6F490207F2F430082A845 /* UIColor+Help.m in Sources */ = {isa = PBXBuildFile; fileRef = 67A6F48F207F2F430082A845 /* UIColor+Help.m */; };
		67A9A58B20850D3E000B6A2A /* UINavigationBar+NNBackgroundBarDelegate.m in Sources */ = {isa = PBXBuildFile; fileRef = 67A9A58A20850D3E000B6A2A /* UINavigationBar+NNBackgroundBarDelegate.m */; };
		67F80EB820808DD90098B825 /* NSLayoutConstraint+NNVisualFormat.m in Sources */ = {isa = PBXBuildFile; fileRef = 67F80EB720808DD90098B825 /* NSLayoutConstraint+NNVisualFormat.m */; };
		67F80EBC2080ACB00098B825 /* DemoViewController.m in Sources */ = {isa = PBXBuildFile; fileRef = 67F80EBB2080ACB00098B825 /* DemoViewController.m */; };
		67F80EBF2080ACF70098B825 /* DemoViewController+Slider.m in Sources */ = {isa = PBXBuildFile; fileRef = 67F80EBE2080ACF70098B825 /* DemoViewController+Slider.m */; };
/* End PBXBuildFile section */

/* Begin PBXContainerItemProxy section */
		67A6F452207EFD1B0082A845 /* PBXContainerItemProxy */ = {
			isa = PBXContainerItemProxy;
			containerPortal = 67A6F431207EFD1B0082A845 /* Project object */;
			proxyType = 1;
			remoteGlobalIDString = 67A6F438207EFD1B0082A845;
			remoteInfo = NNNavigationBarDemo;
		};
		67A6F45D207EFD1B0082A845 /* PBXContainerItemProxy */ = {
			isa = PBXContainerItemProxy;
			containerPortal = 67A6F431207EFD1B0082A845 /* Project object */;
			proxyType = 1;
			remoteGlobalIDString = 67A6F438207EFD1B0082A845;
			remoteInfo = NNNavigationBarDemo;
		};
/* End PBXContainerItemProxy section */

/* Begin PBXFileReference section */
		6781EA312085A6ED00C96B95 /* UINavigationBar+NNBackgroundStyle.h */ = {isa = PBXFileReference; lastKnownFileType = sourcecode.c.h; path = "UINavigationBar+NNBackgroundStyle.h"; sourceTree = "<group>"; };
		6781EA322085A6ED00C96B95 /* UINavigationBar+NNBackgroundStyle.m */ = {isa = PBXFileReference; lastKnownFileType = sourcecode.c.objc; path = "UINavigationBar+NNBackgroundStyle.m"; sourceTree = "<group>"; };
		679AA53A20858D2E00749AF6 /* UINavigationBar+NNBackgroundImageView.h */ = {isa = PBXFileReference; lastKnownFileType = sourcecode.c.h; path = "UINavigationBar+NNBackgroundImageView.h"; sourceTree = "<group>"; };
		679AA53B20858D2E00749AF6 /* UINavigationBar+NNBackgroundImageView.m */ = {isa = PBXFileReference; lastKnownFileType = sourcecode.c.objc; path = "UINavigationBar+NNBackgroundImageView.m"; sourceTree = "<group>"; };
		679AA53D20858E4300749AF6 /* UINavigationBar+NNBackgroundMethodSwizzling.h */ = {isa = PBXFileReference; lastKnownFileType = sourcecode.c.h; path = "UINavigationBar+NNBackgroundMethodSwizzling.h"; sourceTree = "<group>"; };
		679AA53E20858E4300749AF6 /* UINavigationBar+NNBackgroundMethodSwizzling.m */ = {isa = PBXFileReference; lastKnownFileType = sourcecode.c.objc; path = "UINavigationBar+NNBackgroundMethodSwizzling.m"; sourceTree = "<group>"; };
		679AA54020858F5A00749AF6 /* UINavigationBar+NNBackgroundDelegateImp.h */ = {isa = PBXFileReference; lastKnownFileType = sourcecode.c.h; path = "UINavigationBar+NNBackgroundDelegateImp.h"; sourceTree = "<group>"; };
		679AA54120858F5A00749AF6 /* UINavigationBar+NNBackgroundDelegateImp.m */ = {isa = PBXFileReference; lastKnownFileType = sourcecode.c.objc; path = "UINavigationBar+NNBackgroundDelegateImp.m"; sourceTree = "<group>"; };
		67A6F439207EFD1B0082A845 /* NNNavigationBarDemo.app */ = {isa = PBXFileReference; explicitFileType = wrapper.application; includeInIndex = 0; path = NNNavigationBarDemo.app; sourceTree = BUILT_PRODUCTS_DIR; };
		67A6F43C207EFD1B0082A845 /* AppDelegate.h */ = {isa = PBXFileReference; lastKnownFileType = sourcecode.c.h; path = AppDelegate.h; sourceTree = "<group>"; };
		67A6F43D207EFD1B0082A845 /* AppDelegate.m */ = {isa = PBXFileReference; lastKnownFileType = sourcecode.c.objc; path = AppDelegate.m; sourceTree = "<group>"; };
		67A6F443207EFD1B0082A845 /* Base */ = {isa = PBXFileReference; lastKnownFileType = file.storyboard; name = Base; path = Base.lproj/Main.storyboard; sourceTree = "<group>"; };
		67A6F445207EFD1B0082A845 /* Assets.xcassets */ = {isa = PBXFileReference; lastKnownFileType = folder.assetcatalog; path = Assets.xcassets; sourceTree = "<group>"; };
		67A6F448207EFD1B0082A845 /* Base */ = {isa = PBXFileReference; lastKnownFileType = file.storyboard; name = Base; path = Base.lproj/LaunchScreen.storyboard; sourceTree = "<group>"; };
		67A6F44A207EFD1B0082A845 /* Info.plist */ = {isa = PBXFileReference; lastKnownFileType = text.plist.xml; path = Info.plist; sourceTree = "<group>"; };
		67A6F44B207EFD1B0082A845 /* main.m */ = {isa = PBXFileReference; lastKnownFileType = sourcecode.c.objc; path = main.m; sourceTree = "<group>"; };
		67A6F451207EFD1B0082A845 /* NNNavigationBarDemoTests.xctest */ = {isa = PBXFileReference; explicitFileType = wrapper.cfbundle; includeInIndex = 0; path = NNNavigationBarDemoTests.xctest; sourceTree = BUILT_PRODUCTS_DIR; };
		67A6F455207EFD1B0082A845 /* NNNavigationBarDemoTests.m */ = {isa = PBXFileReference; lastKnownFileType = sourcecode.c.objc; path = NNNavigationBarDemoTests.m; sourceTree = "<group>"; };
		67A6F457207EFD1B0082A845 /* Info.plist */ = {isa = PBXFileReference; lastKnownFileType = text.plist.xml; path = Info.plist; sourceTree = "<group>"; };
		67A6F45C207EFD1B0082A845 /* NNNavigationBarDemoUITests.xctest */ = {isa = PBXFileReference; explicitFileType = wrapper.cfbundle; includeInIndex = 0; path = NNNavigationBarDemoUITests.xctest; sourceTree = BUILT_PRODUCTS_DIR; };
		67A6F460207EFD1B0082A845 /* NNNavigationBarDemoUITests.m */ = {isa = PBXFileReference; lastKnownFileType = sourcecode.c.objc; path = NNNavigationBarDemoUITests.m; sourceTree = "<group>"; };
		67A6F462207EFD1B0082A845 /* Info.plist */ = {isa = PBXFileReference; lastKnownFileType = text.plist.xml; path = Info.plist; sourceTree = "<group>"; };
		67A6F46F207EFD430082A845 /* UINavigationBar+NNBackgroundView.m */ = {isa = PBXFileReference; fileEncoding = 4; lastKnownFileType = sourcecode.c.objc; path = "UINavigationBar+NNBackgroundView.m"; sourceTree = "<group>"; };
		67A6F470207EFD430082A845 /* UIImage+NNImageWithColor.h */ = {isa = PBXFileReference; fileEncoding = 4; lastKnownFileType = sourcecode.c.h; path = "UIImage+NNImageWithColor.h"; sourceTree = "<group>"; };
		67A6F471207EFD430082A845 /* UINavigationItem+NNBackgroundItemDelegate.h */ = {isa = PBXFileReference; fileEncoding = 4; lastKnownFileType = sourcecode.c.h; path = "UINavigationItem+NNBackgroundItemDelegate.h"; sourceTree = "<group>"; };
		67A6F472207EFD430082A845 /* UINavigationItem+NNBackgroundItem.m */ = {isa = PBXFileReference; fileEncoding = 4; lastKnownFileType = sourcecode.c.objc; path = "UINavigationItem+NNBackgroundItem.m"; sourceTree = "<group>"; };
		67A6F473207EFD430082A845 /* UINavigationItem+NNBackgroundItemDelegate.m */ = {isa = PBXFileReference; fileEncoding = 4; lastKnownFileType = sourcecode.c.objc; path = "UINavigationItem+NNBackgroundItemDelegate.m"; sourceTree = "<group>"; };
		67A6F474207EFD430082A845 /* UIImage+NNImageWithColor.m */ = {isa = PBXFileReference; fileEncoding = 4; lastKnownFileType = sourcecode.c.objc; path = "UIImage+NNImageWithColor.m"; sourceTree = "<group>"; };
		67A6F475207EFD430082A845 /* UINavigationBar+NNBackgroundView.h */ = {isa = PBXFileReference; fileEncoding = 4; lastKnownFileType = sourcecode.c.h; path = "UINavigationBar+NNBackgroundView.h"; sourceTree = "<group>"; };
		67A6F476207EFD430082A845 /* UINavigationItem+NNBackgroundItem.h */ = {isa = PBXFileReference; fileEncoding = 4; lastKnownFileType = sourcecode.c.h; path = "UINavigationItem+NNBackgroundItem.h"; sourceTree = "<group>"; };
		67A6F477207EFD430082A845 /* NNNavigationBar.h */ = {isa = PBXFileReference; fileEncoding = 4; lastKnownFileType = sourcecode.c.h; path = NNNavigationBar.h; sourceTree = "<group>"; };
		67A6F47C207F0FE00082A845 /* DemoViewController+TableView.h */ = {isa = PBXFileReference; lastKnownFileType = sourcecode.c.h; path = "DemoViewController+TableView.h"; sourceTree = "<group>"; };
		67A6F47D207F0FE00082A845 /* DemoViewController+TableView.m */ = {isa = PBXFileReference; lastKnownFileType = sourcecode.c.objc; path = "DemoViewController+TableView.m"; sourceTree = "<group>"; };
		67A6F47F207F1AD00082A845 /* MainViewController.h */ = {isa = PBXFileReference; lastKnownFileType = sourcecode.c.h; path = MainViewController.h; sourceTree = "<group>"; };
		67A6F480207F1AD00082A845 /* MainViewController.m */ = {isa = PBXFileReference; lastKnownFileType = sourcecode.c.objc; path = MainViewController.m; sourceTree = "<group>"; };
		67A6F48E207F2F430082A845 /* UIColor+Help.h */ = {isa = PBXFileReference; lastKnownFileType = sourcecode.c.h; path = "UIColor+Help.h"; sourceTree = "<group>"; };
		67A6F48F207F2F430082A845 /* UIColor+Help.m */ = {isa = PBXFileReference; lastKnownFileType = sourcecode.c.objc; path = "UIColor+Help.m"; sourceTree = "<group>"; };
		67A9A58920850D3E000B6A2A /* UINavigationBar+NNBackgroundBarDelegate.h */ = {isa = PBXFileReference; lastKnownFileType = sourcecode.c.h; path = "UINavigationBar+NNBackgroundBarDelegate.h"; sourceTree = "<group>"; };
		67A9A58A20850D3E000B6A2A /* UINavigationBar+NNBackgroundBarDelegate.m */ = {isa = PBXFileReference; lastKnownFileType = sourcecode.c.objc; path = "UINavigationBar+NNBackgroundBarDelegate.m"; sourceTree = "<group>"; };
		67F80EB620808DD90098B825 /* NSLayoutConstraint+NNVisualFormat.h */ = {isa = PBXFileReference; lastKnownFileType = sourcecode.c.h; path = "NSLayoutConstraint+NNVisualFormat.h"; sourceTree = "<group>"; };
		67F80EB720808DD90098B825 /* NSLayoutConstraint+NNVisualFormat.m */ = {isa = PBXFileReference; lastKnownFileType = sourcecode.c.objc; path = "NSLayoutConstraint+NNVisualFormat.m"; sourceTree = "<group>"; };
		67F80EBA2080ACB00098B825 /* DemoViewController.h */ = {isa = PBXFileReference; lastKnownFileType = sourcecode.c.h; path = DemoViewController.h; sourceTree = "<group>"; };
		67F80EBB2080ACB00098B825 /* DemoViewController.m */ = {isa = PBXFileReference; lastKnownFileType = sourcecode.c.objc; path = DemoViewController.m; sourceTree = "<group>"; };
		67F80EBD2080ACF70098B825 /* DemoViewController+Slider.h */ = {isa = PBXFileReference; lastKnownFileType = sourcecode.c.h; path = "DemoViewController+Slider.h"; sourceTree = "<group>"; };
		67F80EBE2080ACF70098B825 /* DemoViewController+Slider.m */ = {isa = PBXFileReference; lastKnownFileType = sourcecode.c.objc; path = "DemoViewController+Slider.m"; sourceTree = "<group>"; };
/* End PBXFileReference section */

/* Begin PBXFrameworksBuildPhase section */
		67A6F436207EFD1B0082A845 /* Frameworks */ = {
			isa = PBXFrameworksBuildPhase;
			buildActionMask = 2147483647;
			files = (
			);
			runOnlyForDeploymentPostprocessing = 0;
		};
		67A6F44E207EFD1B0082A845 /* Frameworks */ = {
			isa = PBXFrameworksBuildPhase;
			buildActionMask = 2147483647;
			files = (
			);
			runOnlyForDeploymentPostprocessing = 0;
		};
		67A6F459207EFD1B0082A845 /* Frameworks */ = {
			isa = PBXFrameworksBuildPhase;
			buildActionMask = 2147483647;
			files = (
			);
			runOnlyForDeploymentPostprocessing = 0;
		};
/* End PBXFrameworksBuildPhase section */

/* Begin PBXGroup section */
		67A6F430207EFD1B0082A845 = {
			isa = PBXGroup;
			children = (
				67A6F43B207EFD1B0082A845 /* NNNavigationBarDemo */,
				67A6F454207EFD1B0082A845 /* NNNavigationBarDemoTests */,
				67A6F45F207EFD1B0082A845 /* NNNavigationBarDemoUITests */,
				67A6F43A207EFD1B0082A845 /* Products */,
			);
			sourceTree = "<group>";
		};
		67A6F43A207EFD1B0082A845 /* Products */ = {
			isa = PBXGroup;
			children = (
				67A6F439207EFD1B0082A845 /* NNNavigationBarDemo.app */,
				67A6F451207EFD1B0082A845 /* NNNavigationBarDemoTests.xctest */,
				67A6F45C207EFD1B0082A845 /* NNNavigationBarDemoUITests.xctest */,
			);
			name = Products;
			sourceTree = "<group>";
		};
		67A6F43B207EFD1B0082A845 /* NNNavigationBarDemo */ = {
			isa = PBXGroup;
			children = (
				67A6F46E207EFD430082A845 /* NNNavigationBar */,
				67A6F43C207EFD1B0082A845 /* AppDelegate.h */,
				67A6F43D207EFD1B0082A845 /* AppDelegate.m */,
				67A6F47F207F1AD00082A845 /* MainViewController.h */,
				67A6F480207F1AD00082A845 /* MainViewController.m */,
				67A6F491207F36250082A845 /* DemoController */,
				67F80EC12080BA460098B825 /* DemoUtils */,
				67A6F442207EFD1B0082A845 /* Main.storyboard */,
				67A6F445207EFD1B0082A845 /* Assets.xcassets */,
				67A6F447207EFD1B0082A845 /* LaunchScreen.storyboard */,
				67A6F44A207EFD1B0082A845 /* Info.plist */,
				67A6F44B207EFD1B0082A845 /* main.m */,
			);
			path = NNNavigationBarDemo;
			sourceTree = "<group>";
		};
		67A6F454207EFD1B0082A845 /* NNNavigationBarDemoTests */ = {
			isa = PBXGroup;
			children = (
				67A6F455207EFD1B0082A845 /* NNNavigationBarDemoTests.m */,
				67A6F457207EFD1B0082A845 /* Info.plist */,
			);
			path = NNNavigationBarDemoTests;
			sourceTree = "<group>";
		};
		67A6F45F207EFD1B0082A845 /* NNNavigationBarDemoUITests */ = {
			isa = PBXGroup;
			children = (
				67A6F460207EFD1B0082A845 /* NNNavigationBarDemoUITests.m */,
				67A6F462207EFD1B0082A845 /* Info.plist */,
			);
			path = NNNavigationBarDemoUITests;
			sourceTree = "<group>";
		};
		67A6F46E207EFD430082A845 /* NNNavigationBar */ = {
			isa = PBXGroup;
			children = (
				67A6F477207EFD430082A845 /* NNNavigationBar.h */,
				67A6F475207EFD430082A845 /* UINavigationBar+NNBackgroundView.h */,
				67A6F46F207EFD430082A845 /* UINavigationBar+NNBackgroundView.m */,
				679AA53A20858D2E00749AF6 /* UINavigationBar+NNBackgroundImageView.h */,
				679AA53B20858D2E00749AF6 /* UINavigationBar+NNBackgroundImageView.m */,
				6781EA312085A6ED00C96B95 /* UINavigationBar+NNBackgroundStyle.h */,
				6781EA322085A6ED00C96B95 /* UINavigationBar+NNBackgroundStyle.m */,
				679AA53D20858E4300749AF6 /* UINavigationBar+NNBackgroundMethodSwizzling.h */,
				679AA53E20858E4300749AF6 /* UINavigationBar+NNBackgroundMethodSwizzling.m */,
				679AA54020858F5A00749AF6 /* UINavigationBar+NNBackgroundDelegateImp.h */,
				679AA54120858F5A00749AF6 /* UINavigationBar+NNBackgroundDelegateImp.m */,
				67A9A58920850D3E000B6A2A /* UINavigationBar+NNBackgroundBarDelegate.h */,
				67A9A58A20850D3E000B6A2A /* UINavigationBar+NNBackgroundBarDelegate.m */,
				67A6F476207EFD430082A845 /* UINavigationItem+NNBackgroundItem.h */,
				67A6F472207EFD430082A845 /* UINavigationItem+NNBackgroundItem.m */,
				67A6F471207EFD430082A845 /* UINavigationItem+NNBackgroundItemDelegate.h */,
				67A6F473207EFD430082A845 /* UINavigationItem+NNBackgroundItemDelegate.m */,
				67F80EB920809A720098B825 /* Utils */,
			);
			name = NNNavigationBar;
			path = ../../NNNavigationBar;
			sourceTree = "<group>";
		};
		67A6F491207F36250082A845 /* DemoController */ = {
			isa = PBXGroup;
			children = (
				67F80EBA2080ACB00098B825 /* DemoViewController.h */,
				67F80EBB2080ACB00098B825 /* DemoViewController.m */,
				67F80EBD2080ACF70098B825 /* DemoViewController+Slider.h */,
				67F80EBE2080ACF70098B825 /* DemoViewController+Slider.m */,
				67A6F47C207F0FE00082A845 /* DemoViewController+TableView.h */,
				67A6F47D207F0FE00082A845 /* DemoViewController+TableView.m */,
			);
			path = DemoController;
			sourceTree = "<group>";
		};
		67F80EB920809A720098B825 /* Utils */ = {
			isa = PBXGroup;
			children = (
				67A6F470207EFD430082A845 /* UIImage+NNImageWithColor.h */,
				67A6F474207EFD430082A845 /* UIImage+NNImageWithColor.m */,
				67F80EB620808DD90098B825 /* NSLayoutConstraint+NNVisualFormat.h */,
				67F80EB720808DD90098B825 /* NSLayoutConstraint+NNVisualFormat.m */,
			);
			path = Utils;
			sourceTree = "<group>";
		};
		67F80EC12080BA460098B825 /* DemoUtils */ = {
			isa = PBXGroup;
			children = (
				67A6F48F207F2F430082A845 /* UIColor+Help.m */,
				67A6F48E207F2F430082A845 /* UIColor+Help.h */,
			);
			path = DemoUtils;
			sourceTree = "<group>";
		};
/* End PBXGroup section */

/* Begin PBXNativeTarget section */
		67A6F438207EFD1B0082A845 /* NNNavigationBarDemo */ = {
			isa = PBXNativeTarget;
			buildConfigurationList = 67A6F465207EFD1B0082A845 /* Build configuration list for PBXNativeTarget "NNNavigationBarDemo" */;
			buildPhases = (
				67A6F435207EFD1B0082A845 /* Sources */,
				67A6F436207EFD1B0082A845 /* Frameworks */,
				67A6F437207EFD1B0082A845 /* Resources */,
			);
			buildRules = (
			);
			dependencies = (
			);
			name = NNNavigationBarDemo;
			productName = NNNavigationBarDemo;
			productReference = 67A6F439207EFD1B0082A845 /* NNNavigationBarDemo.app */;
			productType = "com.apple.product-type.application";
		};
		67A6F450207EFD1B0082A845 /* NNNavigationBarDemoTests */ = {
			isa = PBXNativeTarget;
			buildConfigurationList = 67A6F468207EFD1B0082A845 /* Build configuration list for PBXNativeTarget "NNNavigationBarDemoTests" */;
			buildPhases = (
				67A6F44D207EFD1B0082A845 /* Sources */,
				67A6F44E207EFD1B0082A845 /* Frameworks */,
				67A6F44F207EFD1B0082A845 /* Resources */,
			);
			buildRules = (
			);
			dependencies = (
				67A6F453207EFD1B0082A845 /* PBXTargetDependency */,
			);
			name = NNNavigationBarDemoTests;
			productName = NNNavigationBarDemoTests;
			productReference = 67A6F451207EFD1B0082A845 /* NNNavigationBarDemoTests.xctest */;
			productType = "com.apple.product-type.bundle.unit-test";
		};
		67A6F45B207EFD1B0082A845 /* NNNavigationBarDemoUITests */ = {
			isa = PBXNativeTarget;
			buildConfigurationList = 67A6F46B207EFD1B0082A845 /* Build configuration list for PBXNativeTarget "NNNavigationBarDemoUITests" */;
			buildPhases = (
				67A6F458207EFD1B0082A845 /* Sources */,
				67A6F459207EFD1B0082A845 /* Frameworks */,
				67A6F45A207EFD1B0082A845 /* Resources */,
			);
			buildRules = (
			);
			dependencies = (
				67A6F45E207EFD1B0082A845 /* PBXTargetDependency */,
			);
			name = NNNavigationBarDemoUITests;
			productName = NNNavigationBarDemoUITests;
			productReference = 67A6F45C207EFD1B0082A845 /* NNNavigationBarDemoUITests.xctest */;
			productType = "com.apple.product-type.bundle.ui-testing";
		};
/* End PBXNativeTarget section */

/* Begin PBXProject section */
		67A6F431207EFD1B0082A845 /* Project object */ = {
			isa = PBXProject;
			attributes = {
				LastUpgradeCheck = 0920;
				ORGANIZATIONNAME = GuHaijun;
				TargetAttributes = {
					67A6F438207EFD1B0082A845 = {
						CreatedOnToolsVersion = 9.2;
						ProvisioningStyle = Automatic;
					};
					67A6F450207EFD1B0082A845 = {
						CreatedOnToolsVersion = 9.2;
						ProvisioningStyle = Automatic;
						TestTargetID = 67A6F438207EFD1B0082A845;
					};
					67A6F45B207EFD1B0082A845 = {
						CreatedOnToolsVersion = 9.2;
						ProvisioningStyle = Automatic;
						TestTargetID = 67A6F438207EFD1B0082A845;
					};
				};
			};
			buildConfigurationList = 67A6F434207EFD1B0082A845 /* Build configuration list for PBXProject "NNNavigationBarDemo" */;
			compatibilityVersion = "Xcode 8.0";
			developmentRegion = en;
			hasScannedForEncodings = 0;
			knownRegions = (
				en,
				Base,
			);
			mainGroup = 67A6F430207EFD1B0082A845;
			productRefGroup = 67A6F43A207EFD1B0082A845 /* Products */;
			projectDirPath = "";
			projectRoot = "";
			targets = (
				67A6F438207EFD1B0082A845 /* NNNavigationBarDemo */,
				67A6F450207EFD1B0082A845 /* NNNavigationBarDemoTests */,
				67A6F45B207EFD1B0082A845 /* NNNavigationBarDemoUITests */,
			);
		};
/* End PBXProject section */

/* Begin PBXResourcesBuildPhase section */
		67A6F437207EFD1B0082A845 /* Resources */ = {
			isa = PBXResourcesBuildPhase;
			buildActionMask = 2147483647;
			files = (
				67A6F449207EFD1B0082A845 /* LaunchScreen.storyboard in Resources */,
				67A6F446207EFD1B0082A845 /* Assets.xcassets in Resources */,
				67A6F444207EFD1B0082A845 /* Main.storyboard in Resources */,
			);
			runOnlyForDeploymentPostprocessing = 0;
		};
		67A6F44F207EFD1B0082A845 /* Resources */ = {
			isa = PBXResourcesBuildPhase;
			buildActionMask = 2147483647;
			files = (
			);
			runOnlyForDeploymentPostprocessing = 0;
		};
		67A6F45A207EFD1B0082A845 /* Resources */ = {
			isa = PBXResourcesBuildPhase;
			buildActionMask = 2147483647;
			files = (
			);
			runOnlyForDeploymentPostprocessing = 0;
		};
/* End PBXResourcesBuildPhase section */

/* Begin PBXSourcesBuildPhase section */
		67A6F435207EFD1B0082A845 /* Sources */ = {
			isa = PBXSourcesBuildPhase;
			buildActionMask = 2147483647;
			files = (
				6781EA332085A6ED00C96B95 /* UINavigationBar+NNBackgroundStyle.m in Sources */,
				679AA53F20858E4300749AF6 /* UINavigationBar+NNBackgroundMethodSwizzling.m in Sources */,
				67F80EB820808DD90098B825 /* NSLayoutConstraint+NNVisualFormat.m in Sources */,
				67F80EBC2080ACB00098B825 /* DemoViewController.m in Sources */,
				67A6F47E207F0FE00082A845 /* DemoViewController+TableView.m in Sources */,
				67A6F479207EFD430082A845 /* UINavigationItem+NNBackgroundItem.m in Sources */,
				67F80EBF2080ACF70098B825 /* DemoViewController+Slider.m in Sources */,
				679AA54220858F5A00749AF6 /* UINavigationBar+NNBackgroundDelegateImp.m in Sources */,
				67A6F47B207EFD430082A845 /* UIImage+NNImageWithColor.m in Sources */,
				67A6F481207F1AD00082A845 /* MainViewController.m in Sources */,
				67A6F47A207EFD430082A845 /* UINavigationItem+NNBackgroundItemDelegate.m in Sources */,
				679AA53C20858D2E00749AF6 /* UINavigationBar+NNBackgroundImageView.m in Sources */,
				67A9A58B20850D3E000B6A2A /* UINavigationBar+NNBackgroundBarDelegate.m in Sources */,
				67A6F490207F2F430082A845 /* UIColor+Help.m in Sources */,
				67A6F44C207EFD1B0082A845 /* main.m in Sources */,
				67A6F478207EFD430082A845 /* UINavigationBar+NNBackgroundView.m in Sources */,
				67A6F43E207EFD1B0082A845 /* AppDelegate.m in Sources */,
			);
			runOnlyForDeploymentPostprocessing = 0;
		};
		67A6F44D207EFD1B0082A845 /* Sources */ = {
			isa = PBXSourcesBuildPhase;
			buildActionMask = 2147483647;
			files = (
				67A6F456207EFD1B0082A845 /* NNNavigationBarDemoTests.m in Sources */,
			);
			runOnlyForDeploymentPostprocessing = 0;
		};
		67A6F458207EFD1B0082A845 /* Sources */ = {
			isa = PBXSourcesBuildPhase;
			buildActionMask = 2147483647;
			files = (
				67A6F461207EFD1B0082A845 /* NNNavigationBarDemoUITests.m in Sources */,
			);
			runOnlyForDeploymentPostprocessing = 0;
		};
/* End PBXSourcesBuildPhase section */

/* Begin PBXTargetDependency section */
		67A6F453207EFD1B0082A845 /* PBXTargetDependency */ = {
			isa = PBXTargetDependency;
			target = 67A6F438207EFD1B0082A845 /* NNNavigationBarDemo */;
			targetProxy = 67A6F452207EFD1B0082A845 /* PBXContainerItemProxy */;
		};
		67A6F45E207EFD1B0082A845 /* PBXTargetDependency */ = {
			isa = PBXTargetDependency;
			target = 67A6F438207EFD1B0082A845 /* NNNavigationBarDemo */;
			targetProxy = 67A6F45D207EFD1B0082A845 /* PBXContainerItemProxy */;
		};
/* End PBXTargetDependency section */

/* Begin PBXVariantGroup section */
		67A6F442207EFD1B0082A845 /* Main.storyboard */ = {
			isa = PBXVariantGroup;
			children = (
				67A6F443207EFD1B0082A845 /* Base */,
			);
			name = Main.storyboard;
			sourceTree = "<group>";
		};
		67A6F447207EFD1B0082A845 /* LaunchScreen.storyboard */ = {
			isa = PBXVariantGroup;
			children = (
				67A6F448207EFD1B0082A845 /* Base */,
			);
			name = LaunchScreen.storyboard;
			sourceTree = "<group>";
		};
/* End PBXVariantGroup section */

/* Begin XCBuildConfiguration section */
		67A6F463207EFD1B0082A845 /* Debug */ = {
			isa = XCBuildConfiguration;
			buildSettings = {
				ALWAYS_SEARCH_USER_PATHS = NO;
				CLANG_ANALYZER_NONNULL = YES;
				CLANG_ANALYZER_NUMBER_OBJECT_CONVERSION = YES_AGGRESSIVE;
				CLANG_CXX_LANGUAGE_STANDARD = "gnu++14";
				CLANG_CXX_LIBRARY = "libc++";
				CLANG_ENABLE_MODULES = YES;
				CLANG_ENABLE_OBJC_ARC = YES;
				CLANG_WARN_BLOCK_CAPTURE_AUTORELEASING = YES;
				CLANG_WARN_BOOL_CONVERSION = YES;
				CLANG_WARN_COMMA = YES;
				CLANG_WARN_CONSTANT_CONVERSION = YES;
				CLANG_WARN_DIRECT_OBJC_ISA_USAGE = YES_ERROR;
				CLANG_WARN_DOCUMENTATION_COMMENTS = YES;
				CLANG_WARN_EMPTY_BODY = YES;
				CLANG_WARN_ENUM_CONVERSION = YES;
				CLANG_WARN_INFINITE_RECURSION = YES;
				CLANG_WARN_INT_CONVERSION = YES;
				CLANG_WARN_NON_LITERAL_NULL_CONVERSION = YES;
				CLANG_WARN_OBJC_LITERAL_CONVERSION = YES;
				CLANG_WARN_OBJC_ROOT_CLASS = YES_ERROR;
				CLANG_WARN_RANGE_LOOP_ANALYSIS = YES;
				CLANG_WARN_STRICT_PROTOTYPES = YES;
				CLANG_WARN_SUSPICIOUS_MOVE = YES;
				CLANG_WARN_UNGUARDED_AVAILABILITY = YES_AGGRESSIVE;
				CLANG_WARN_UNREACHABLE_CODE = YES;
				CLANG_WARN__DUPLICATE_METHOD_MATCH = YES;
				CODE_SIGN_IDENTITY = "iPhone Developer";
				COPY_PHASE_STRIP = NO;
				DEBUG_INFORMATION_FORMAT = dwarf;
				ENABLE_STRICT_OBJC_MSGSEND = YES;
				ENABLE_TESTABILITY = YES;
				GCC_C_LANGUAGE_STANDARD = gnu11;
				GCC_DYNAMIC_NO_PIC = NO;
				GCC_NO_COMMON_BLOCKS = YES;
				GCC_OPTIMIZATION_LEVEL = 0;
				GCC_PREPROCESSOR_DEFINITIONS = (
					"DEBUG=1",
					"$(inherited)",
				);
				GCC_WARN_64_TO_32_BIT_CONVERSION = YES;
				GCC_WARN_ABOUT_RETURN_TYPE = YES_ERROR;
				GCC_WARN_UNDECLARED_SELECTOR = YES;
				GCC_WARN_UNINITIALIZED_AUTOS = YES_AGGRESSIVE;
				GCC_WARN_UNUSED_FUNCTION = YES;
				GCC_WARN_UNUSED_VARIABLE = YES;
				IPHONEOS_DEPLOYMENT_TARGET = 8.0;
				MTL_ENABLE_DEBUG_INFO = YES;
				ONLY_ACTIVE_ARCH = YES;
				SDKROOT = iphoneos;
			};
			name = Debug;
		};
		67A6F464207EFD1B0082A845 /* Release */ = {
			isa = XCBuildConfiguration;
			buildSettings = {
				ALWAYS_SEARCH_USER_PATHS = NO;
				CLANG_ANALYZER_NONNULL = YES;
				CLANG_ANALYZER_NUMBER_OBJECT_CONVERSION = YES_AGGRESSIVE;
				CLANG_CXX_LANGUAGE_STANDARD = "gnu++14";
				CLANG_CXX_LIBRARY = "libc++";
				CLANG_ENABLE_MODULES = YES;
				CLANG_ENABLE_OBJC_ARC = YES;
				CLANG_WARN_BLOCK_CAPTURE_AUTORELEASING = YES;
				CLANG_WARN_BOOL_CONVERSION = YES;
				CLANG_WARN_COMMA = YES;
				CLANG_WARN_CONSTANT_CONVERSION = YES;
				CLANG_WARN_DIRECT_OBJC_ISA_USAGE = YES_ERROR;
				CLANG_WARN_DOCUMENTATION_COMMENTS = YES;
				CLANG_WARN_EMPTY_BODY = YES;
				CLANG_WARN_ENUM_CONVERSION = YES;
				CLANG_WARN_INFINITE_RECURSION = YES;
				CLANG_WARN_INT_CONVERSION = YES;
				CLANG_WARN_NON_LITERAL_NULL_CONVERSION = YES;
				CLANG_WARN_OBJC_LITERAL_CONVERSION = YES;
				CLANG_WARN_OBJC_ROOT_CLASS = YES_ERROR;
				CLANG_WARN_RANGE_LOOP_ANALYSIS = YES;
				CLANG_WARN_STRICT_PROTOTYPES = YES;
				CLANG_WARN_SUSPICIOUS_MOVE = YES;
				CLANG_WARN_UNGUARDED_AVAILABILITY = YES_AGGRESSIVE;
				CLANG_WARN_UNREACHABLE_CODE = YES;
				CLANG_WARN__DUPLICATE_METHOD_MATCH = YES;
				CODE_SIGN_IDENTITY = "iPhone Developer";
				COPY_PHASE_STRIP = NO;
				DEBUG_INFORMATION_FORMAT = "dwarf-with-dsym";
				ENABLE_NS_ASSERTIONS = NO;
				ENABLE_STRICT_OBJC_MSGSEND = YES;
				GCC_C_LANGUAGE_STANDARD = gnu11;
				GCC_NO_COMMON_BLOCKS = YES;
				GCC_WARN_64_TO_32_BIT_CONVERSION = YES;
				GCC_WARN_ABOUT_RETURN_TYPE = YES_ERROR;
				GCC_WARN_UNDECLARED_SELECTOR = YES;
				GCC_WARN_UNINITIALIZED_AUTOS = YES_AGGRESSIVE;
				GCC_WARN_UNUSED_FUNCTION = YES;
				GCC_WARN_UNUSED_VARIABLE = YES;
				IPHONEOS_DEPLOYMENT_TARGET = 8.0;
				MTL_ENABLE_DEBUG_INFO = NO;
				SDKROOT = iphoneos;
				VALIDATE_PRODUCT = YES;
			};
			name = Release;
		};
		67A6F466207EFD1B0082A845 /* Debug */ = {
			isa = XCBuildConfiguration;
			buildSettings = {
				ASSETCATALOG_COMPILER_APPICON_NAME = AppIcon;
				CODE_SIGN_STYLE = Automatic;
				DEVELOPMENT_TEAM = TN94U5BZF3;
				INFOPLIST_FILE = NNNavigationBarDemo/Info.plist;
				LD_RUNPATH_SEARCH_PATHS = "$(inherited) @executable_path/Frameworks";
				PRODUCT_BUNDLE_IDENTIFIER = com.nn.NNNavigationBarDemo;
				PRODUCT_NAME = "$(TARGET_NAME)";
				TARGETED_DEVICE_FAMILY = "1,2";
			};
			name = Debug;
		};
		67A6F467207EFD1B0082A845 /* Release */ = {
			isa = XCBuildConfiguration;
			buildSettings = {
				ASSETCATALOG_COMPILER_APPICON_NAME = AppIcon;
				CODE_SIGN_STYLE = Automatic;
				DEVELOPMENT_TEAM = TN94U5BZF3;
				INFOPLIST_FILE = NNNavigationBarDemo/Info.plist;
				LD_RUNPATH_SEARCH_PATHS = "$(inherited) @executable_path/Frameworks";
				PRODUCT_BUNDLE_IDENTIFIER = com.nn.NNNavigationBarDemo;
				PRODUCT_NAME = "$(TARGET_NAME)";
				TARGETED_DEVICE_FAMILY = "1,2";
			};
			name = Release;
		};
		67A6F469207EFD1B0082A845 /* Debug */ = {
			isa = XCBuildConfiguration;
			buildSettings = {
				BUNDLE_LOADER = "$(TEST_HOST)";
				CODE_SIGN_STYLE = Automatic;
				INFOPLIST_FILE = NNNavigationBarDemoTests/Info.plist;
				LD_RUNPATH_SEARCH_PATHS = "$(inherited) @executable_path/Frameworks @loader_path/Frameworks";
				PRODUCT_BUNDLE_IDENTIFIER = com.nn.NNNavigationBarDemoTests;
				PRODUCT_NAME = "$(TARGET_NAME)";
				TARGETED_DEVICE_FAMILY = "1,2";
				TEST_HOST = "$(BUILT_PRODUCTS_DIR)/NNNavigationBarDemo.app/NNNavigationBarDemo";
			};
			name = Debug;
		};
		67A6F46A207EFD1B0082A845 /* Release */ = {
			isa = XCBuildConfiguration;
			buildSettings = {
				BUNDLE_LOADER = "$(TEST_HOST)";
				CODE_SIGN_STYLE = Automatic;
				INFOPLIST_FILE = NNNavigationBarDemoTests/Info.plist;
				LD_RUNPATH_SEARCH_PATHS = "$(inherited) @executable_path/Frameworks @loader_path/Frameworks";
				PRODUCT_BUNDLE_IDENTIFIER = com.nn.NNNavigationBarDemoTests;
				PRODUCT_NAME = "$(TARGET_NAME)";
				TARGETED_DEVICE_FAMILY = "1,2";
				TEST_HOST = "$(BUILT_PRODUCTS_DIR)/NNNavigationBarDemo.app/NNNavigationBarDemo";
			};
			name = Release;
		};
		67A6F46C207EFD1B0082A845 /* Debug */ = {
			isa = XCBuildConfiguration;
			buildSettings = {
				CODE_SIGN_STYLE = Automatic;
				INFOPLIST_FILE = NNNavigationBarDemoUITests/Info.plist;
				LD_RUNPATH_SEARCH_PATHS = "$(inherited) @executable_path/Frameworks @loader_path/Frameworks";
				PRODUCT_BUNDLE_IDENTIFIER = com.nn.NNNavigationBarDemoUITests;
				PRODUCT_NAME = "$(TARGET_NAME)";
				TARGETED_DEVICE_FAMILY = "1,2";
				TEST_TARGET_NAME = NNNavigationBarDemo;
			};
			name = Debug;
		};
		67A6F46D207EFD1B0082A845 /* Release */ = {
			isa = XCBuildConfiguration;
			buildSettings = {
				CODE_SIGN_STYLE = Automatic;
				INFOPLIST_FILE = NNNavigationBarDemoUITests/Info.plist;
				LD_RUNPATH_SEARCH_PATHS = "$(inherited) @executable_path/Frameworks @loader_path/Frameworks";
				PRODUCT_BUNDLE_IDENTIFIER = com.nn.NNNavigationBarDemoUITests;
				PRODUCT_NAME = "$(TARGET_NAME)";
				TARGETED_DEVICE_FAMILY = "1,2";
				TEST_TARGET_NAME = NNNavigationBarDemo;
			};
			name = Release;
		};
/* End XCBuildConfiguration section */

/* Begin XCConfigurationList section */
		67A6F434207EFD1B0082A845 /* Build configuration list for PBXProject "NNNavigationBarDemo" */ = {
			isa = XCConfigurationList;
			buildConfigurations = (
				67A6F463207EFD1B0082A845 /* Debug */,
				67A6F464207EFD1B0082A845 /* Release */,
			);
			defaultConfigurationIsVisible = 0;
			defaultConfigurationName = Release;
		};
		67A6F465207EFD1B0082A845 /* Build configuration list for PBXNativeTarget "NNNavigationBarDemo" */ = {
			isa = XCConfigurationList;
			buildConfigurations = (
				67A6F466207EFD1B0082A845 /* Debug */,
				67A6F467207EFD1B0082A845 /* Release */,
			);
			defaultConfigurationIsVisible = 0;
			defaultConfigurationName = Release;
		};
		67A6F468207EFD1B0082A845 /* Build configuration list for PBXNativeTarget "NNNavigationBarDemoTests" */ = {
			isa = XCConfigurationList;
			buildConfigurations = (
				67A6F469207EFD1B0082A845 /* Debug */,
				67A6F46A207EFD1B0082A845 /* Release */,
			);
			defaultConfigurationIsVisible = 0;
			defaultConfigurationName = Release;
		};
		67A6F46B207EFD1B0082A845 /* Build configuration list for PBXNativeTarget "NNNavigationBarDemoUITests" */ = {
			isa = XCConfigurationList;
			buildConfigurations = (
				67A6F46C207EFD1B0082A845 /* Debug */,
				67A6F46D207EFD1B0082A845 /* Release */,
			);
			defaultConfigurationIsVisible = 0;
			defaultConfigurationName = Release;
		};
/* End XCConfigurationList section */
	};
	rootObject = 67A6F431207EFD1B0082A845 /* Project object */;
}
