// !$*UTF8*$!
{
	archiveVersion = 1;
	classes = {
	};
	objectVersion = 50;
	objects = {

/* Begin PBXBuildFile section */
		674FF4D920AAB1B80041C6ED /* NNNavigationBar.framework in Frameworks */ = {isa = PBXBuildFile; fileRef = 67E93B2120A53CBF0083B38B /* NNNavigationBar.framework */; };
		674FF4DA20AAB1B80041C6ED /* NNNavigationBar.framework in Embed Frameworks */ = {isa = PBXBuildFile; fileRef = 67E93B2120A53CBF0083B38B /* NNNavigationBar.framework */; settings = {ATTRIBUTES = (CodeSignOnCopy, RemoveHeadersOnCopy, ); }; };
		676456CF20A94A2C00B74853 /* PickerController.swift in Sources */ = {isa = PBXBuildFile; fileRef = 676456CE20A94A2C00B74853 /* PickerController.swift */; };
		676456D220A94B4600B74853 /* PickerImageCell.swift in Sources */ = {isa = PBXBuildFile; fileRef = 676456D020A94B4600B74853 /* PickerImageCell.swift */; };
		676456D320A94B4600B74853 /* PickerImageCell.xib in Resources */ = {isa = PBXBuildFile; fileRef = 676456D120A94B4600B74853 /* PickerImageCell.xib */; };
		67E93AE720A53C170083B38B /* AppDelegate.swift in Sources */ = {isa = PBXBuildFile; fileRef = 67E93AE620A53C170083B38B /* AppDelegate.swift */; };
		67E93AE920A53C170083B38B /* ViewController.swift in Sources */ = {isa = PBXBuildFile; fileRef = 67E93AE820A53C170083B38B /* ViewController.swift */; };
		67E93AEC20A53C170083B38B /* Main.storyboard in Resources */ = {isa = PBXBuildFile; fileRef = 67E93AEA20A53C170083B38B /* Main.storyboard */; };
		67E93AEE20A53C180083B38B /* Assets.xcassets in Resources */ = {isa = PBXBuildFile; fileRef = 67E93AED20A53C180083B38B /* Assets.xcassets */; };
		67E93AF120A53C180083B38B /* LaunchScreen.storyboard in Resources */ = {isa = PBXBuildFile; fileRef = 67E93AEF20A53C180083B38B /* LaunchScreen.storyboard */; };
		67E93AFC20A53C190083B38B /* NNNavigationBarDemoTests.swift in Sources */ = {isa = PBXBuildFile; fileRef = 67E93AFB20A53C190083B38B /* NNNavigationBarDemoTests.swift */; };
		67E93B0720A53C190083B38B /* NNNavigationBarDemoUITests.swift in Sources */ = {isa = PBXBuildFile; fileRef = 67E93B0620A53C190083B38B /* NNNavigationBarDemoUITests.swift */; };
		67E93B2B20A53F3A0083B38B /* MainHeaderCell.swift in Sources */ = {isa = PBXBuildFile; fileRef = 67E93B2920A53F3A0083B38B /* MainHeaderCell.swift */; };
		67E93B2C20A53F3A0083B38B /* MainHeaderCell.xib in Resources */ = {isa = PBXBuildFile; fileRef = 67E93B2A20A53F3A0083B38B /* MainHeaderCell.xib */; };
		67E93B2F20A53F5B0083B38B /* MainSettingSegmentCell.swift in Sources */ = {isa = PBXBuildFile; fileRef = 67E93B2D20A53F5B0083B38B /* MainSettingSegmentCell.swift */; };
		67E93B3020A53F5B0083B38B /* MainSettingSegmentCell.xib in Resources */ = {isa = PBXBuildFile; fileRef = 67E93B2E20A53F5B0083B38B /* MainSettingSegmentCell.xib */; };
		67E93B3320A53F750083B38B /* MainSettingCell.swift in Sources */ = {isa = PBXBuildFile; fileRef = 67E93B3120A53F750083B38B /* MainSettingCell.swift */; };
		67E93B3420A53F750083B38B /* MainSettingCell.xib in Resources */ = {isa = PBXBuildFile; fileRef = 67E93B3220A53F750083B38B /* MainSettingCell.xib */; };
		67E93B3720A53F8D0083B38B /* MainSettingImageCell.swift in Sources */ = {isa = PBXBuildFile; fileRef = 67E93B3520A53F8D0083B38B /* MainSettingImageCell.swift */; };
		67E93B3820A53F8D0083B38B /* MainSettingImageCell.xib in Resources */ = {isa = PBXBuildFile; fileRef = 67E93B3620A53F8D0083B38B /* MainSettingImageCell.xib */; };
		67E93B3B20A53FA10083B38B /* MainSettingSwitcherCell.swift in Sources */ = {isa = PBXBuildFile; fileRef = 67E93B3920A53FA10083B38B /* MainSettingSwitcherCell.swift */; };
		67E93B3C20A53FA10083B38B /* MainSettingSwitcherCell.xib in Resources */ = {isa = PBXBuildFile; fileRef = 67E93B3A20A53FA10083B38B /* MainSettingSwitcherCell.xib */; };
/* End PBXBuildFile section */

/* Begin PBXContainerItemProxy section */
		67E93AF820A53C190083B38B /* PBXContainerItemProxy */ = {
			isa = PBXContainerItemProxy;
			containerPortal = 67E93ADB20A53C170083B38B /* Project object */;
			proxyType = 1;
			remoteGlobalIDString = 67E93AE220A53C170083B38B;
			remoteInfo = NNNavigationBarDemo;
		};
		67E93B0320A53C190083B38B /* PBXContainerItemProxy */ = {
			isa = PBXContainerItemProxy;
			containerPortal = 67E93ADB20A53C170083B38B /* Project object */;
			proxyType = 1;
			remoteGlobalIDString = 67E93AE220A53C170083B38B;
			remoteInfo = NNNavigationBarDemo;
		};
/* End PBXContainerItemProxy section */

/* Begin PBXCopyFilesBuildPhase section */
		674FF4DB20AAB1B80041C6ED /* Embed Frameworks */ = {
			isa = PBXCopyFilesBuildPhase;
			buildActionMask = 2147483647;
			dstPath = "";
			dstSubfolderSpec = 10;
			files = (
				674FF4DA20AAB1B80041C6ED /* NNNavigationBar.framework in Embed Frameworks */,
			);
			name = "Embed Frameworks";
			runOnlyForDeploymentPostprocessing = 0;
		};
/* End PBXCopyFilesBuildPhase section */

/* Begin PBXFileReference section */
		676456CE20A94A2C00B74853 /* PickerController.swift */ = {isa = PBXFileReference; lastKnownFileType = sourcecode.swift; path = PickerController.swift; sourceTree = "<group>"; };
		676456D020A94B4600B74853 /* PickerImageCell.swift */ = {isa = PBXFileReference; lastKnownFileType = sourcecode.swift; path = PickerImageCell.swift; sourceTree = "<group>"; };
		676456D120A94B4600B74853 /* PickerImageCell.xib */ = {isa = PBXFileReference; lastKnownFileType = file.xib; path = PickerImageCell.xib; sourceTree = "<group>"; };
		67E93AE320A53C170083B38B /* NNNavigationBarDemo.app */ = {isa = PBXFileReference; explicitFileType = wrapper.application; includeInIndex = 0; path = NNNavigationBarDemo.app; sourceTree = BUILT_PRODUCTS_DIR; };
		67E93AE620A53C170083B38B /* AppDelegate.swift */ = {isa = PBXFileReference; lastKnownFileType = sourcecode.swift; path = AppDelegate.swift; sourceTree = "<group>"; };
		67E93AE820A53C170083B38B /* ViewController.swift */ = {isa = PBXFileReference; lastKnownFileType = sourcecode.swift; path = ViewController.swift; sourceTree = "<group>"; };
		67E93AEB20A53C170083B38B /* Base */ = {isa = PBXFileReference; lastKnownFileType = file.storyboard; name = Base; path = Base.lproj/Main.storyboard; sourceTree = "<group>"; };
		67E93AED20A53C180083B38B /* Assets.xcassets */ = {isa = PBXFileReference; lastKnownFileType = folder.assetcatalog; path = Assets.xcassets; sourceTree = "<group>"; };
		67E93AF020A53C180083B38B /* Base */ = {isa = PBXFileReference; lastKnownFileType = file.storyboard; name = Base; path = Base.lproj/LaunchScreen.storyboard; sourceTree = "<group>"; };
		67E93AF220A53C180083B38B /* Info.plist */ = {isa = PBXFileReference; lastKnownFileType = text.plist.xml; path = Info.plist; sourceTree = "<group>"; };
		67E93AF720A53C190083B38B /* NNNavigationBarDemoTests.xctest */ = {isa = PBXFileReference; explicitFileType = wrapper.cfbundle; includeInIndex = 0; path = NNNavigationBarDemoTests.xctest; sourceTree = BUILT_PRODUCTS_DIR; };
		67E93AFB20A53C190083B38B /* NNNavigationBarDemoTests.swift */ = {isa = PBXFileReference; lastKnownFileType = sourcecode.swift; path = NNNavigationBarDemoTests.swift; sourceTree = "<group>"; };
		67E93AFD20A53C190083B38B /* Info.plist */ = {isa = PBXFileReference; lastKnownFileType = text.plist.xml; path = Info.plist; sourceTree = "<group>"; };
		67E93B0220A53C190083B38B /* NNNavigationBarDemoUITests.xctest */ = {isa = PBXFileReference; explicitFileType = wrapper.cfbundle; includeInIndex = 0; path = NNNavigationBarDemoUITests.xctest; sourceTree = BUILT_PRODUCTS_DIR; };
		67E93B0620A53C190083B38B /* NNNavigationBarDemoUITests.swift */ = {isa = PBXFileReference; lastKnownFileType = sourcecode.swift; path = NNNavigationBarDemoUITests.swift; sourceTree = "<group>"; };
		67E93B0820A53C190083B38B /* Info.plist */ = {isa = PBXFileReference; lastKnownFileType = text.plist.xml; path = Info.plist; sourceTree = "<group>"; };
		67E93B2120A53CBF0083B38B /* NNNavigationBar.framework */ = {isa = PBXFileReference; explicitFileType = wrapper.framework; path = NNNavigationBar.framework; sourceTree = BUILT_PRODUCTS_DIR; };
		67E93B2320A53CD10083B38B /* NNNavigationBarDemo-Bridging-Header.h */ = {isa = PBXFileReference; lastKnownFileType = sourcecode.c.h; path = "NNNavigationBarDemo-Bridging-Header.h"; sourceTree = "<group>"; };
		67E93B2920A53F3A0083B38B /* MainHeaderCell.swift */ = {isa = PBXFileReference; lastKnownFileType = sourcecode.swift; path = MainHeaderCell.swift; sourceTree = "<group>"; };
		67E93B2A20A53F3A0083B38B /* MainHeaderCell.xib */ = {isa = PBXFileReference; lastKnownFileType = file.xib; path = MainHeaderCell.xib; sourceTree = "<group>"; };
		67E93B2D20A53F5B0083B38B /* MainSettingSegmentCell.swift */ = {isa = PBXFileReference; lastKnownFileType = sourcecode.swift; path = MainSettingSegmentCell.swift; sourceTree = "<group>"; };
		67E93B2E20A53F5B0083B38B /* MainSettingSegmentCell.xib */ = {isa = PBXFileReference; lastKnownFileType = file.xib; path = MainSettingSegmentCell.xib; sourceTree = "<group>"; };
		67E93B3120A53F750083B38B /* MainSettingCell.swift */ = {isa = PBXFileReference; lastKnownFileType = sourcecode.swift; path = MainSettingCell.swift; sourceTree = "<group>"; };
		67E93B3220A53F750083B38B /* MainSettingCell.xib */ = {isa = PBXFileReference; lastKnownFileType = file.xib; path = MainSettingCell.xib; sourceTree = "<group>"; };
		67E93B3520A53F8D0083B38B /* MainSettingImageCell.swift */ = {isa = PBXFileReference; lastKnownFileType = sourcecode.swift; path = MainSettingImageCell.swift; sourceTree = "<group>"; };
		67E93B3620A53F8D0083B38B /* MainSettingImageCell.xib */ = {isa = PBXFileReference; lastKnownFileType = file.xib; path = MainSettingImageCell.xib; sourceTree = "<group>"; };
		67E93B3920A53FA10083B38B /* MainSettingSwitcherCell.swift */ = {isa = PBXFileReference; lastKnownFileType = sourcecode.swift; path = MainSettingSwitcherCell.swift; sourceTree = "<group>"; };
		67E93B3A20A53FA10083B38B /* MainSettingSwitcherCell.xib */ = {isa = PBXFileReference; lastKnownFileType = file.xib; path = MainSettingSwitcherCell.xib; sourceTree = "<group>"; };
/* End PBXFileReference section */

/* Begin PBXFrameworksBuildPhase section */
		67E93AE020A53C170083B38B /* Frameworks */ = {
			isa = PBXFrameworksBuildPhase;
			buildActionMask = 2147483647;
			files = (
				674FF4D920AAB1B80041C6ED /* NNNavigationBar.framework in Frameworks */,
			);
			runOnlyForDeploymentPostprocessing = 0;
		};
		67E93AF420A53C190083B38B /* Frameworks */ = {
			isa = PBXFrameworksBuildPhase;
			buildActionMask = 2147483647;
			files = (
			);
			runOnlyForDeploymentPostprocessing = 0;
		};
		67E93AFF20A53C190083B38B /* Frameworks */ = {
			isa = PBXFrameworksBuildPhase;
			buildActionMask = 2147483647;
			files = (
			);
			runOnlyForDeploymentPostprocessing = 0;
		};
/* End PBXFrameworksBuildPhase section */

/* Begin PBXGroup section */
		67E93ADA20A53C170083B38B = {
			isa = PBXGroup;
			children = (
				67E93AE520A53C170083B38B /* NNNavigationBarDemo */,
				67E93AFA20A53C190083B38B /* NNNavigationBarDemoTests */,
				67E93B0520A53C190083B38B /* NNNavigationBarDemoUITests */,
				67E93AE420A53C170083B38B /* Products */,
				67E93B2020A53CBF0083B38B /* Frameworks */,
			);
			sourceTree = "<group>";
		};
		67E93AE420A53C170083B38B /* Products */ = {
			isa = PBXGroup;
			children = (
				67E93AE320A53C170083B38B /* NNNavigationBarDemo.app */,
				67E93AF720A53C190083B38B /* NNNavigationBarDemoTests.xctest */,
				67E93B0220A53C190083B38B /* NNNavigationBarDemoUITests.xctest */,
			);
			name = Products;
			sourceTree = "<group>";
		};
		67E93AE520A53C170083B38B /* NNNavigationBarDemo */ = {
			isa = PBXGroup;
			children = (
				67E93AE620A53C170083B38B /* AppDelegate.swift */,
				67E93AE820A53C170083B38B /* ViewController.swift */,
				67E93B2920A53F3A0083B38B /* MainHeaderCell.swift */,
				67E93B2A20A53F3A0083B38B /* MainHeaderCell.xib */,
				67E93B3120A53F750083B38B /* MainSettingCell.swift */,
				67E93B3220A53F750083B38B /* MainSettingCell.xib */,
				67E93B2D20A53F5B0083B38B /* MainSettingSegmentCell.swift */,
				67E93B2E20A53F5B0083B38B /* MainSettingSegmentCell.xib */,
				67E93B3520A53F8D0083B38B /* MainSettingImageCell.swift */,
				67E93B3620A53F8D0083B38B /* MainSettingImageCell.xib */,
				67E93B3920A53FA10083B38B /* MainSettingSwitcherCell.swift */,
				67E93B3A20A53FA10083B38B /* MainSettingSwitcherCell.xib */,
				676456CE20A94A2C00B74853 /* PickerController.swift */,
				676456D020A94B4600B74853 /* PickerImageCell.swift */,
				676456D120A94B4600B74853 /* PickerImageCell.xib */,
				67E93AEA20A53C170083B38B /* Main.storyboard */,
				67E93AED20A53C180083B38B /* Assets.xcassets */,
				67E93AEF20A53C180083B38B /* LaunchScreen.storyboard */,
				67E93AF220A53C180083B38B /* Info.plist */,
				67E93B2320A53CD10083B38B /* NNNavigationBarDemo-Bridging-Header.h */,
			);
			path = NNNavigationBarDemo;
			sourceTree = "<group>";
		};
		67E93AFA20A53C190083B38B /* NNNavigationBarDemoTests */ = {
			isa = PBXGroup;
			children = (
				67E93AFB20A53C190083B38B /* NNNavigationBarDemoTests.swift */,
				67E93AFD20A53C190083B38B /* Info.plist */,
			);
			path = NNNavigationBarDemoTests;
			sourceTree = "<group>";
		};
		67E93B0520A53C190083B38B /* NNNavigationBarDemoUITests */ = {
			isa = PBXGroup;
			children = (
				67E93B0620A53C190083B38B /* NNNavigationBarDemoUITests.swift */,
				67E93B0820A53C190083B38B /* Info.plist */,
			);
			path = NNNavigationBarDemoUITests;
			sourceTree = "<group>";
		};
		67E93B2020A53CBF0083B38B /* Frameworks */ = {
			isa = PBXGroup;
			children = (
				67E93B2120A53CBF0083B38B /* NNNavigationBar.framework */,
			);
			name = Frameworks;
			sourceTree = "<group>";
		};
/* End PBXGroup section */

/* Begin PBXNativeTarget section */
		67E93AE220A53C170083B38B /* NNNavigationBarDemo */ = {
			isa = PBXNativeTarget;
			buildConfigurationList = 67E93B0B20A53C190083B38B /* Build configuration list for PBXNativeTarget "NNNavigationBarDemo" */;
			buildPhases = (
				67E93ADF20A53C170083B38B /* Sources */,
				67E93AE020A53C170083B38B /* Frameworks */,
				67E93AE120A53C170083B38B /* Resources */,
				674FF4DB20AAB1B80041C6ED /* Embed Frameworks */,
			);
			buildRules = (
			);
			dependencies = (
			);
			name = NNNavigationBarDemo;
			productName = NNNavigationBarDemo;
			productReference = 67E93AE320A53C170083B38B /* NNNavigationBarDemo.app */;
			productType = "com.apple.product-type.application";
		};
		67E93AF620A53C190083B38B /* NNNavigationBarDemoTests */ = {
			isa = PBXNativeTarget;
			buildConfigurationList = 67E93B0E20A53C190083B38B /* Build configuration list for PBXNativeTarget "NNNavigationBarDemoTests" */;
			buildPhases = (
				67E93AF320A53C190083B38B /* Sources */,
				67E93AF420A53C190083B38B /* Frameworks */,
				67E93AF520A53C190083B38B /* Resources */,
			);
			buildRules = (
			);
			dependencies = (
				67E93AF920A53C190083B38B /* PBXTargetDependency */,
			);
			name = NNNavigationBarDemoTests;
			productName = NNNavigationBarDemoTests;
			productReference = 67E93AF720A53C190083B38B /* NNNavigationBarDemoTests.xctest */;
			productType = "com.apple.product-type.bundle.unit-test";
		};
		67E93B0120A53C190083B38B /* NNNavigationBarDemoUITests */ = {
			isa = PBXNativeTarget;
			buildConfigurationList = 67E93B1120A53C190083B38B /* Build configuration list for PBXNativeTarget "NNNavigationBarDemoUITests" */;
			buildPhases = (
				67E93AFE20A53C190083B38B /* Sources */,
				67E93AFF20A53C190083B38B /* Frameworks */,
				67E93B0020A53C190083B38B /* Resources */,
			);
			buildRules = (
			);
			dependencies = (
				67E93B0420A53C190083B38B /* PBXTargetDependency */,
			);
			name = NNNavigationBarDemoUITests;
			productName = NNNavigationBarDemoUITests;
			productReference = 67E93B0220A53C190083B38B /* NNNavigationBarDemoUITests.xctest */;
			productType = "com.apple.product-type.bundle.ui-testing";
		};
/* End PBXNativeTarget section */

/* Begin PBXProject section */
		67E93ADB20A53C170083B38B /* Project object */ = {
			isa = PBXProject;
			attributes = {
				LastSwiftUpdateCheck = 0930;
				LastUpgradeCheck = 0930;
				ORGANIZATIONNAME = GuHaijun;
				TargetAttributes = {
					67E93AE220A53C170083B38B = {
						CreatedOnToolsVersion = 9.3;
						LastSwiftMigration = 0930;
					};
					67E93AF620A53C190083B38B = {
						CreatedOnToolsVersion = 9.3;
						TestTargetID = 67E93AE220A53C170083B38B;
					};
					67E93B0120A53C190083B38B = {
						CreatedOnToolsVersion = 9.3;
						TestTargetID = 67E93AE220A53C170083B38B;
					};
				};
			};
			buildConfigurationList = 67E93ADE20A53C170083B38B /* Build configuration list for PBXProject "NNNavigationBarDemo" */;
			compatibilityVersion = "Xcode 9.3";
			developmentRegion = en;
			hasScannedForEncodings = 0;
			knownRegions = (
				en,
				Base,
			);
			mainGroup = 67E93ADA20A53C170083B38B;
			productRefGroup = 67E93AE420A53C170083B38B /* Products */;
			projectDirPath = "";
			projectRoot = "";
			targets = (
				67E93AE220A53C170083B38B /* NNNavigationBarDemo */,
				67E93AF620A53C190083B38B /* NNNavigationBarDemoTests */,
				67E93B0120A53C190083B38B /* NNNavigationBarDemoUITests */,
			);
		};
/* End PBXProject section */

/* Begin PBXResourcesBuildPhase section */
		67E93AE120A53C170083B38B /* Resources */ = {
			isa = PBXResourcesBuildPhase;
			buildActionMask = 2147483647;
			files = (
				67E93B3C20A53FA10083B38B /* MainSettingSwitcherCell.xib in Resources */,
				67E93B3020A53F5B0083B38B /* MainSettingSegmentCell.xib in Resources */,
				67E93AF120A53C180083B38B /* LaunchScreen.storyboard in Resources */,
				67E93B2C20A53F3A0083B38B /* MainHeaderCell.xib in Resources */,
				67E93B3420A53F750083B38B /* MainSettingCell.xib in Resources */,
				67E93AEE20A53C180083B38B /* Assets.xcassets in Resources */,
				67E93B3820A53F8D0083B38B /* MainSettingImageCell.xib in Resources */,
				67E93AEC20A53C170083B38B /* Main.storyboard in Resources */,
				676456D320A94B4600B74853 /* PickerImageCell.xib in Resources */,
			);
			runOnlyForDeploymentPostprocessing = 0;
		};
		67E93AF520A53C190083B38B /* Resources */ = {
			isa = PBXResourcesBuildPhase;
			buildActionMask = 2147483647;
			files = (
			);
			runOnlyForDeploymentPostprocessing = 0;
		};
		67E93B0020A53C190083B38B /* Resources */ = {
			isa = PBXResourcesBuildPhase;
			buildActionMask = 2147483647;
			files = (
			);
			runOnlyForDeploymentPostprocessing = 0;
		};
/* End PBXResourcesBuildPhase section */

/* Begin PBXSourcesBuildPhase section */
		67E93ADF20A53C170083B38B /* Sources */ = {
			isa = PBXSourcesBuildPhase;
			buildActionMask = 2147483647;
			files = (
				67E93B3320A53F750083B38B /* MainSettingCell.swift in Sources */,
				67E93B2F20A53F5B0083B38B /* MainSettingSegmentCell.swift in Sources */,
				67E93B2B20A53F3A0083B38B /* MainHeaderCell.swift in Sources */,
				676456CF20A94A2C00B74853 /* PickerController.swift in Sources */,
				676456D220A94B4600B74853 /* PickerImageCell.swift in Sources */,
				67E93B3720A53F8D0083B38B /* MainSettingImageCell.swift in Sources */,
				67E93AE920A53C170083B38B /* ViewController.swift in Sources */,
				67E93AE720A53C170083B38B /* AppDelegate.swift in Sources */,
				67E93B3B20A53FA10083B38B /* MainSettingSwitcherCell.swift in Sources */,
			);
			runOnlyForDeploymentPostprocessing = 0;
		};
		67E93AF320A53C190083B38B /* Sources */ = {
			isa = PBXSourcesBuildPhase;
			buildActionMask = 2147483647;
			files = (
				67E93AFC20A53C190083B38B /* NNNavigationBarDemoTests.swift in Sources */,
			);
			runOnlyForDeploymentPostprocessing = 0;
		};
		67E93AFE20A53C190083B38B /* Sources */ = {
			isa = PBXSourcesBuildPhase;
			buildActionMask = 2147483647;
			files = (
				67E93B0720A53C190083B38B /* NNNavigationBarDemoUITests.swift in Sources */,
			);
			runOnlyForDeploymentPostprocessing = 0;
		};
/* End PBXSourcesBuildPhase section */

/* Begin PBXTargetDependency section */
		67E93AF920A53C190083B38B /* PBXTargetDependency */ = {
			isa = PBXTargetDependency;
			target = 67E93AE220A53C170083B38B /* NNNavigationBarDemo */;
			targetProxy = 67E93AF820A53C190083B38B /* PBXContainerItemProxy */;
		};
		67E93B0420A53C190083B38B /* PBXTargetDependency */ = {
			isa = PBXTargetDependency;
			target = 67E93AE220A53C170083B38B /* NNNavigationBarDemo */;
			targetProxy = 67E93B0320A53C190083B38B /* PBXContainerItemProxy */;
		};
/* End PBXTargetDependency section */

/* Begin PBXVariantGroup section */
		67E93AEA20A53C170083B38B /* Main.storyboard */ = {
			isa = PBXVariantGroup;
			children = (
				67E93AEB20A53C170083B38B /* Base */,
			);
			name = Main.storyboard;
			sourceTree = "<group>";
		};
		67E93AEF20A53C180083B38B /* LaunchScreen.storyboard */ = {
			isa = PBXVariantGroup;
			children = (
				67E93AF020A53C180083B38B /* Base */,
			);
			name = LaunchScreen.storyboard;
			sourceTree = "<group>";
		};
/* End PBXVariantGroup section */

/* Begin XCBuildConfiguration section */
		67E93B0920A53C190083B38B /* Debug */ = {
			isa = XCBuildConfiguration;
			buildSettings = {
				ALWAYS_SEARCH_USER_PATHS = NO;
				CLANG_ANALYZER_NONNULL = YES;
				CLANG_ANALYZER_NUMBER_OBJECT_CONVERSION = YES_AGGRESSIVE;
				CLANG_CXX_LANGUAGE_STANDARD = "gnu++14";
				CLANG_CXX_LIBRARY = "libc++";
				CLANG_ENABLE_MODULES = YES;
				CLANG_ENABLE_OBJC_ARC = YES;
				CLANG_ENABLE_OBJC_WEAK = YES;
				CLANG_WARN_BLOCK_CAPTURE_AUTORELEASING = YES;
				CLANG_WARN_BOOL_CONVERSION = YES;
				CLANG_WARN_COMMA = YES;
				CLANG_WARN_CONSTANT_CONVERSION = YES;
				CLANG_WARN_DEPRECATED_OBJC_IMPLEMENTATIONS = YES;
				CLANG_WARN_DIRECT_OBJC_ISA_USAGE = YES_ERROR;
				CLANG_WARN_DOCUMENTATION_COMMENTS = YES;
				CLANG_WARN_EMPTY_BODY = YES;
				CLANG_WARN_ENUM_CONVERSION = YES;
				CLANG_WARN_INFINITE_RECURSION = YES;
				CLANG_WARN_INT_CONVERSION = YES;
				CLANG_WARN_NON_LITERAL_NULL_CONVERSION = YES;
				CLANG_WARN_OBJC_IMPLICIT_RETAIN_SELF = YES;
				CLANG_WARN_OBJC_LITERAL_CONVERSION = YES;
				CLANG_WARN_OBJC_ROOT_CLASS = YES_ERROR;
				CLANG_WARN_RANGE_LOOP_ANALYSIS = YES;
				CLANG_WARN_STRICT_PROTOTYPES = YES;
				CLANG_WARN_SUSPICIOUS_MOVE = YES;
				CLANG_WARN_UNGUARDED_AVAILABILITY = YES_AGGRESSIVE;
				CLANG_WARN_UNREACHABLE_CODE = YES;
				CLANG_WARN__DUPLICATE_METHOD_MATCH = YES;
				CODE_SIGN_IDENTITY = "iPhone Developer";
				COPY_PHASE_STRIP = NO;
				DEBUG_INFORMATION_FORMAT = dwarf;
				ENABLE_STRICT_OBJC_MSGSEND = YES;
				ENABLE_TESTABILITY = YES;
				GCC_C_LANGUAGE_STANDARD = gnu11;
				GCC_DYNAMIC_NO_PIC = NO;
				GCC_NO_COMMON_BLOCKS = YES;
				GCC_OPTIMIZATION_LEVEL = 0;
				GCC_PREPROCESSOR_DEFINITIONS = (
					"DEBUG=1",
					"$(inherited)",
				);
				GCC_WARN_64_TO_32_BIT_CONVERSION = YES;
				GCC_WARN_ABOUT_RETURN_TYPE = YES_ERROR;
				GCC_WARN_UNDECLARED_SELECTOR = YES;
				GCC_WARN_UNINITIALIZED_AUTOS = YES_AGGRESSIVE;
				GCC_WARN_UNUSED_FUNCTION = YES;
				GCC_WARN_UNUSED_VARIABLE = YES;
				IPHONEOS_DEPLOYMENT_TARGET = 8.0;
				MTL_ENABLE_DEBUG_INFO = YES;
				ONLY_ACTIVE_ARCH = YES;
				SDKROOT = iphoneos;
				SWIFT_ACTIVE_COMPILATION_CONDITIONS = DEBUG;
				SWIFT_OPTIMIZATION_LEVEL = "-Onone";
			};
			name = Debug;
		};
		67E93B0A20A53C190083B38B /* Release */ = {
			isa = XCBuildConfiguration;
			buildSettings = {
				ALWAYS_SEARCH_USER_PATHS = NO;
				CLANG_ANALYZER_NONNULL = YES;
				CLANG_ANALYZER_NUMBER_OBJECT_CONVERSION = YES_AGGRESSIVE;
				CLANG_CXX_LANGUAGE_STANDARD = "gnu++14";
				CLANG_CXX_LIBRARY = "libc++";
				CLANG_ENABLE_MODULES = YES;
				CLANG_ENABLE_OBJC_ARC = YES;
				CLANG_ENABLE_OBJC_WEAK = YES;
				CLANG_WARN_BLOCK_CAPTURE_AUTORELEASING = YES;
				CLANG_WARN_BOOL_CONVERSION = YES;
				CLANG_WARN_COMMA = YES;
				CLANG_WARN_CONSTANT_CONVERSION = YES;
				CLANG_WARN_DEPRECATED_OBJC_IMPLEMENTATIONS = YES;
				CLANG_WARN_DIRECT_OBJC_ISA_USAGE = YES_ERROR;
				CLANG_WARN_DOCUMENTATION_COMMENTS = YES;
				CLANG_WARN_EMPTY_BODY = YES;
				CLANG_WARN_ENUM_CONVERSION = YES;
				CLANG_WARN_INFINITE_RECURSION = YES;
				CLANG_WARN_INT_CONVERSION = YES;
				CLANG_WARN_NON_LITERAL_NULL_CONVERSION = YES;
				CLANG_WARN_OBJC_IMPLICIT_RETAIN_SELF = YES;
				CLANG_WARN_OBJC_LITERAL_CONVERSION = YES;
				CLANG_WARN_OBJC_ROOT_CLASS = YES_ERROR;
				CLANG_WARN_RANGE_LOOP_ANALYSIS = YES;
				CLANG_WARN_STRICT_PROTOTYPES = YES;
				CLANG_WARN_SUSPICIOUS_MOVE = YES;
				CLANG_WARN_UNGUARDED_AVAILABILITY = YES_AGGRESSIVE;
				CLANG_WARN_UNREACHABLE_CODE = YES;
				CLANG_WARN__DUPLICATE_METHOD_MATCH = YES;
				CODE_SIGN_IDENTITY = "iPhone Developer";
				COPY_PHASE_STRIP = NO;
				DEBUG_INFORMATION_FORMAT = "dwarf-with-dsym";
				ENABLE_NS_ASSERTIONS = NO;
				ENABLE_STRICT_OBJC_MSGSEND = YES;
				GCC_C_LANGUAGE_STANDARD = gnu11;
				GCC_NO_COMMON_BLOCKS = YES;
				GCC_WARN_64_TO_32_BIT_CONVERSION = YES;
				GCC_WARN_ABOUT_RETURN_TYPE = YES_ERROR;
				GCC_WARN_UNDECLARED_SELECTOR = YES;
				GCC_WARN_UNINITIALIZED_AUTOS = YES_AGGRESSIVE;
				GCC_WARN_UNUSED_FUNCTION = YES;
				GCC_WARN_UNUSED_VARIABLE = YES;
				IPHONEOS_DEPLOYMENT_TARGET = 8.0;
				MTL_ENABLE_DEBUG_INFO = NO;
				SDKROOT = iphoneos;
				SWIFT_COMPILATION_MODE = wholemodule;
				SWIFT_OPTIMIZATION_LEVEL = "-O";
				VALIDATE_PRODUCT = YES;
			};
			name = Release;
		};
		67E93B0C20A53C190083B38B /* Debug */ = {
			isa = XCBuildConfiguration;
			buildSettings = {
				ASSETCATALOG_COMPILER_APPICON_NAME = AppIcon;
				CLANG_ENABLE_MODULES = YES;
				CODE_SIGN_STYLE = Automatic;
				DEVELOPMENT_TEAM = TN94U5BZF3;
				INFOPLIST_FILE = NNNavigationBarDemo/Info.plist;
				IPHONEOS_DEPLOYMENT_TARGET = 8.0;
				LD_RUNPATH_SEARCH_PATHS = (
					"$(inherited)",
					"@executable_path/Frameworks",
				);
				PRODUCT_BUNDLE_IDENTIFIER = com.nn.NNNavigationBarDemo;
				PRODUCT_NAME = "$(TARGET_NAME)";
				SWIFT_OBJC_BRIDGING_HEADER = "NNNavigationBarDemo/NNNavigationBarDemo-Bridging-Header.h";
				SWIFT_OPTIMIZATION_LEVEL = "-Onone";
				SWIFT_VERSION = 4.0;
				TARGETED_DEVICE_FAMILY = "1,2";
			};
			name = Debug;
		};
		67E93B0D20A53C190083B38B /* Release */ = {
			isa = XCBuildConfiguration;
			buildSettings = {
				ASSETCATALOG_COMPILER_APPICON_NAME = AppIcon;
				CLANG_ENABLE_MODULES = YES;
				CODE_SIGN_STYLE = Automatic;
				DEVELOPMENT_TEAM = TN94U5BZF3;
				INFOPLIST_FILE = NNNavigationBarDemo/Info.plist;
				IPHONEOS_DEPLOYMENT_TARGET = 8.0;
				LD_RUNPATH_SEARCH_PATHS = (
					"$(inherited)",
					"@executable_path/Frameworks",
				);
				PRODUCT_BUNDLE_IDENTIFIER = com.nn.NNNavigationBarDemo;
				PRODUCT_NAME = "$(TARGET_NAME)";
				SWIFT_OBJC_BRIDGING_HEADER = "NNNavigationBarDemo/NNNavigationBarDemo-Bridging-Header.h";
				SWIFT_VERSION = 4.0;
				TARGETED_DEVICE_FAMILY = "1,2";
			};
			name = Release;
		};
		67E93B0F20A53C190083B38B /* Debug */ = {
			isa = XCBuildConfiguration;
			buildSettings = {
				ALWAYS_EMBED_SWIFT_STANDARD_LIBRARIES = YES;
				BUNDLE_LOADER = "$(TEST_HOST)";
				CODE_SIGN_STYLE = Automatic;
				INFOPLIST_FILE = NNNavigationBarDemoTests/Info.plist;
				LD_RUNPATH_SEARCH_PATHS = (
					"$(inherited)",
					"@executable_path/Frameworks",
					"@loader_path/Frameworks",
				);
				PRODUCT_BUNDLE_IDENTIFIER = com.nn.NNNavigationBarDemoTests;
				PRODUCT_NAME = "$(TARGET_NAME)";
				SWIFT_VERSION = 4.0;
				TARGETED_DEVICE_FAMILY = "1,2";
				TEST_HOST = "$(BUILT_PRODUCTS_DIR)/NNNavigationBarDemo.app/NNNavigationBarDemo";
			};
			name = Debug;
		};
		67E93B1020A53C190083B38B /* Release */ = {
			isa = XCBuildConfiguration;
			buildSettings = {
				ALWAYS_EMBED_SWIFT_STANDARD_LIBRARIES = YES;
				BUNDLE_LOADER = "$(TEST_HOST)";
				CODE_SIGN_STYLE = Automatic;
				INFOPLIST_FILE = NNNavigationBarDemoTests/Info.plist;
				LD_RUNPATH_SEARCH_PATHS = (
					"$(inherited)",
					"@executable_path/Frameworks",
					"@loader_path/Frameworks",
				);
				PRODUCT_BUNDLE_IDENTIFIER = com.nn.NNNavigationBarDemoTests;
				PRODUCT_NAME = "$(TARGET_NAME)";
				SWIFT_VERSION = 4.0;
				TARGETED_DEVICE_FAMILY = "1,2";
				TEST_HOST = "$(BUILT_PRODUCTS_DIR)/NNNavigationBarDemo.app/NNNavigationBarDemo";
			};
			name = Release;
		};
		67E93B1220A53C190083B38B /* Debug */ = {
			isa = XCBuildConfiguration;
			buildSettings = {
				ALWAYS_EMBED_SWIFT_STANDARD_LIBRARIES = YES;
				CODE_SIGN_STYLE = Automatic;
				INFOPLIST_FILE = NNNavigationBarDemoUITests/Info.plist;
				LD_RUNPATH_SEARCH_PATHS = (
					"$(inherited)",
					"@executable_path/Frameworks",
					"@loader_path/Frameworks",
				);
				PRODUCT_BUNDLE_IDENTIFIER = com.nn.NNNavigationBarDemoUITests;
				PRODUCT_NAME = "$(TARGET_NAME)";
				SWIFT_VERSION = 4.0;
				TARGETED_DEVICE_FAMILY = "1,2";
				TEST_TARGET_NAME = NNNavigationBarDemo;
			};
			name = Debug;
		};
		67E93B1320A53C190083B38B /* Release */ = {
			isa = XCBuildConfiguration;
			buildSettings = {
				ALWAYS_EMBED_SWIFT_STANDARD_LIBRARIES = YES;
				CODE_SIGN_STYLE = Automatic;
				INFOPLIST_FILE = NNNavigationBarDemoUITests/Info.plist;
				LD_RUNPATH_SEARCH_PATHS = (
					"$(inherited)",
					"@executable_path/Frameworks",
					"@loader_path/Frameworks",
				);
				PRODUCT_BUNDLE_IDENTIFIER = com.nn.NNNavigationBarDemoUITests;
				PRODUCT_NAME = "$(TARGET_NAME)";
				SWIFT_VERSION = 4.0;
				TARGETED_DEVICE_FAMILY = "1,2";
				TEST_TARGET_NAME = NNNavigationBarDemo;
			};
			name = Release;
		};
/* End XCBuildConfiguration section */

/* Begin XCConfigurationList section */
		67E93ADE20A53C170083B38B /* Build configuration list for PBXProject "NNNavigationBarDemo" */ = {
			isa = XCConfigurationList;
			buildConfigurations = (
				67E93B0920A53C190083B38B /* Debug */,
				67E93B0A20A53C190083B38B /* Release */,
			);
			defaultConfigurationIsVisible = 0;
			defaultConfigurationName = Release;
		};
		67E93B0B20A53C190083B38B /* Build configuration list for PBXNativeTarget "NNNavigationBarDemo" */ = {
			isa = XCConfigurationList;
			buildConfigurations = (
				67E93B0C20A53C190083B38B /* Debug */,
				67E93B0D20A53C190083B38B /* Release */,
			);
			defaultConfigurationIsVisible = 0;
			defaultConfigurationName = Release;
		};
		67E93B0E20A53C190083B38B /* Build configuration list for PBXNativeTarget "NNNavigationBarDemoTests" */ = {
			isa = XCConfigurationList;
			buildConfigurations = (
				67E93B0F20A53C190083B38B /* Debug */,
				67E93B1020A53C190083B38B /* Release */,
			);
			defaultConfigurationIsVisible = 0;
			defaultConfigurationName = Release;
		};
		67E93B1120A53C190083B38B /* Build configuration list for PBXNativeTarget "NNNavigationBarDemoUITests" */ = {
			isa = XCConfigurationList;
			buildConfigurations = (
				67E93B1220A53C190083B38B /* Debug */,
				67E93B1320A53C190083B38B /* Release */,
			);
			defaultConfigurationIsVisible = 0;
			defaultConfigurationName = Release;
		};
/* End XCConfigurationList section */
	};
	rootObject = 67E93ADB20A53C170083B38B /* Project object */;
}
